{
  "version": 4,
  "terraform_version": "1.11.2",
  "serial": 37,
  "lineage": "f9091e05-0dad-5fdd-a238-f1fd57ec904e",
  "outputs": {},
  "resources": [
    {
      "mode": "managed",
      "type": "google_bigquery_dataset",
      "name": "creation_bigquery_dataset",
      "provider": "provider[\"registry.terraform.io/hashicorp/google\"]",
      "instances": [
        {
          "index_key": "tbestoquesdet",
          "schema_version": 0,
          "attributes": {
            "access": [
              {
                "condition": [],
                "dataset": [],
                "domain": "",
                "group_by_email": "",
                "iam_member": "",
                "role": "OWNER",
                "routine": [],
                "special_group": "",
                "user_by_email": "management-zegordo-sa@lambda-architeture-on-gcp.iam.gserviceaccount.com",
                "view": []
              },
              {
                "condition": [],
                "dataset": [],
                "domain": "",
                "group_by_email": "",
                "iam_member": "",
                "role": "OWNER",
                "routine": [],
                "special_group": "projectOwners",
                "user_by_email": "",
                "view": []
              },
              {
                "condition": [],
                "dataset": [],
                "domain": "",
                "group_by_email": "",
                "iam_member": "",
                "role": "READER",
                "routine": [],
                "special_group": "projectReaders",
                "user_by_email": "",
                "view": []
              },
              {
                "condition": [],
                "dataset": [],
                "domain": "",
                "group_by_email": "",
                "iam_member": "",
                "role": "WRITER",
                "routine": [],
                "special_group": "projectWriters",
                "user_by_email": "",
                "view": []
              }
            ],
            "creation_time": -1244363410,
            "dataset_id": "tbestoquesdet",
            "default_collation": "",
            "default_encryption_configuration": [],
            "default_partition_expiration_ms": 0,
            "default_table_expiration_ms": 0,
            "delete_contents_on_destroy": false,
            "description": "",
            "effective_labels": {
              "env": "production",
              "goog-terraform-provisioned": "true",
              "managedby": "terraform"
            },
            "etag": "/2wxDWl2Cdy5Qn8iZ4aS2g==",
            "external_dataset_reference": [],
            "friendly_name": "",
            "id": "projects/lambda-architeture-on-gcp/datasets/tbestoquesdet",
            "is_case_insensitive": false,
            "labels": {
              "env": "production",
              "managedby": "terraform"
            },
            "last_modified_time": -1244363410,
            "location": "US",
            "max_time_travel_hours": "168",
            "project": "lambda-architeture-on-gcp",
            "resource_tags": {},
            "self_link": "https://bigquery.googleapis.com/bigquery/v2/projects/lambda-architeture-on-gcp/datasets/tbestoquesdet",
            "storage_billing_model": "",
            "terraform_labels": {
              "env": "production",
              "goog-terraform-provisioned": "true",
              "managedby": "terraform"
            },
            "timeouts": null
          },
          "sensitive_attributes": [],
          "private": "eyJlMmJmYjczMC1lY2FhLTExZTYtOGY4OC0zNDM2M2JjN2M0YzAiOnsiY3JlYXRlIjoxMjAwMDAwMDAwMDAwLCJkZWxldGUiOjEyMDAwMDAwMDAwMDAsInVwZGF0ZSI6MTIwMDAwMDAwMDAwMH19"
        },
        {
          "index_key": "tbforn",
          "schema_version": 0,
          "attributes": {
            "access": [
              {
                "condition": [],
                "dataset": [],
                "domain": "",
                "group_by_email": "",
                "iam_member": "",
                "role": "OWNER",
                "routine": [],
                "special_group": "",
                "user_by_email": "management-zegordo-sa@lambda-architeture-on-gcp.iam.gserviceaccount.com",
                "view": []
              },
              {
                "condition": [],
                "dataset": [],
                "domain": "",
                "group_by_email": "",
                "iam_member": "",
                "role": "OWNER",
                "routine": [],
                "special_group": "projectOwners",
                "user_by_email": "",
                "view": []
              },
              {
                "condition": [],
                "dataset": [],
                "domain": "",
                "group_by_email": "",
                "iam_member": "",
                "role": "READER",
                "routine": [],
                "special_group": "projectReaders",
                "user_by_email": "",
                "view": []
              },
              {
                "condition": [],
                "dataset": [],
                "domain": "",
                "group_by_email": "",
                "iam_member": "",
                "role": "WRITER",
                "routine": [],
                "special_group": "projectWriters",
                "user_by_email": "",
                "view": []
              }
            ],
            "creation_time": -1244363409,
            "dataset_id": "tbforn",
            "default_collation": "",
            "default_encryption_configuration": [],
            "default_partition_expiration_ms": 0,
            "default_table_expiration_ms": 0,
            "delete_contents_on_destroy": false,
            "description": "",
            "effective_labels": {
              "env": "production",
              "goog-terraform-provisioned": "true",
              "managedby": "terraform"
            },
            "etag": "PiEGZxLbySdJAva+/qFl+Q==",
            "external_dataset_reference": [],
            "friendly_name": "",
            "id": "projects/lambda-architeture-on-gcp/datasets/tbforn",
            "is_case_insensitive": false,
            "labels": {
              "env": "production",
              "managedby": "terraform"
            },
            "last_modified_time": -1244363409,
            "location": "US",
            "max_time_travel_hours": "168",
            "project": "lambda-architeture-on-gcp",
            "resource_tags": {},
            "self_link": "https://bigquery.googleapis.com/bigquery/v2/projects/lambda-architeture-on-gcp/datasets/tbforn",
            "storage_billing_model": "",
            "terraform_labels": {
              "env": "production",
              "goog-terraform-provisioned": "true",
              "managedby": "terraform"
            },
            "timeouts": null
          },
          "sensitive_attributes": [],
          "private": "eyJlMmJmYjczMC1lY2FhLTExZTYtOGY4OC0zNDM2M2JjN2M0YzAiOnsiY3JlYXRlIjoxMjAwMDAwMDAwMDAwLCJkZWxldGUiOjEyMDAwMDAwMDAwMDAsInVwZGF0ZSI6MTIwMDAwMDAwMDAwMH19"
        },
        {
          "index_key": "tblogpdv",
          "schema_version": 0,
          "attributes": {
            "access": [
              {
                "condition": [],
                "dataset": [],
                "domain": "",
                "group_by_email": "",
                "iam_member": "",
                "role": "OWNER",
                "routine": [],
                "special_group": "",
                "user_by_email": "management-zegordo-sa@lambda-architeture-on-gcp.iam.gserviceaccount.com",
                "view": []
              },
              {
                "condition": [],
                "dataset": [],
                "domain": "",
                "group_by_email": "",
                "iam_member": "",
                "role": "OWNER",
                "routine": [],
                "special_group": "projectOwners",
                "user_by_email": "",
                "view": []
              },
              {
                "condition": [],
                "dataset": [],
                "domain": "",
                "group_by_email": "",
                "iam_member": "",
                "role": "READER",
                "routine": [],
                "special_group": "projectReaders",
                "user_by_email": "",
                "view": []
              },
              {
                "condition": [],
                "dataset": [],
                "domain": "",
                "group_by_email": "",
                "iam_member": "",
                "role": "WRITER",
                "routine": [],
                "special_group": "projectWriters",
                "user_by_email": "",
                "view": []
              }
            ],
            "creation_time": -1244363409,
            "dataset_id": "tblogpdv",
            "default_collation": "",
            "default_encryption_configuration": [],
            "default_partition_expiration_ms": 0,
            "default_table_expiration_ms": 0,
            "delete_contents_on_destroy": false,
            "description": "",
            "effective_labels": {
              "env": "production",
              "goog-terraform-provisioned": "true",
              "managedby": "terraform"
            },
            "etag": "V1+sQ2XTFFnAXsbwTgQDEw==",
            "external_dataset_reference": [],
            "friendly_name": "",
            "id": "projects/lambda-architeture-on-gcp/datasets/tblogpdv",
            "is_case_insensitive": false,
            "labels": {
              "env": "production",
              "managedby": "terraform"
            },
            "last_modified_time": -1244363409,
            "location": "US",
            "max_time_travel_hours": "168",
            "project": "lambda-architeture-on-gcp",
            "resource_tags": {},
            "self_link": "https://bigquery.googleapis.com/bigquery/v2/projects/lambda-architeture-on-gcp/datasets/tblogpdv",
            "storage_billing_model": "",
            "terraform_labels": {
              "env": "production",
              "goog-terraform-provisioned": "true",
              "managedby": "terraform"
            },
            "timeouts": null
          },
          "sensitive_attributes": [],
          "private": "eyJlMmJmYjczMC1lY2FhLTExZTYtOGY4OC0zNDM2M2JjN2M0YzAiOnsiY3JlYXRlIjoxMjAwMDAwMDAwMDAwLCJkZWxldGUiOjEyMDAwMDAwMDAwMDAsInVwZGF0ZSI6MTIwMDAwMDAwMDAwMH19"
        },
        {
          "index_key": "tbmercadorias",
          "schema_version": 0,
          "attributes": {
            "access": [
              {
                "condition": [],
                "dataset": [],
                "domain": "",
                "group_by_email": "",
                "iam_member": "",
                "role": "OWNER",
                "routine": [],
                "special_group": "",
                "user_by_email": "management-zegordo-sa@lambda-architeture-on-gcp.iam.gserviceaccount.com",
                "view": []
              },
              {
                "condition": [],
                "dataset": [],
                "domain": "",
                "group_by_email": "",
                "iam_member": "",
                "role": "OWNER",
                "routine": [],
                "special_group": "projectOwners",
                "user_by_email": "",
                "view": []
              },
              {
                "condition": [],
                "dataset": [],
                "domain": "",
                "group_by_email": "",
                "iam_member": "",
                "role": "READER",
                "routine": [],
                "special_group": "projectReaders",
                "user_by_email": "",
                "view": []
              },
              {
                "condition": [],
                "dataset": [],
                "domain": "",
                "group_by_email": "",
                "iam_member": "",
                "role": "WRITER",
                "routine": [],
                "special_group": "projectWriters",
                "user_by_email": "",
                "view": []
              }
            ],
            "creation_time": -1244363409,
            "dataset_id": "tbmercadorias",
            "default_collation": "",
            "default_encryption_configuration": [],
            "default_partition_expiration_ms": 0,
            "default_table_expiration_ms": 0,
            "delete_contents_on_destroy": false,
            "description": "",
            "effective_labels": {
              "env": "production",
              "goog-terraform-provisioned": "true",
              "managedby": "terraform"
            },
            "etag": "hQ5Blup/+GjG17b261Wjgw==",
            "external_dataset_reference": [],
            "friendly_name": "",
            "id": "projects/lambda-architeture-on-gcp/datasets/tbmercadorias",
            "is_case_insensitive": false,
            "labels": {
              "env": "production",
              "managedby": "terraform"
            },
            "last_modified_time": -1244363409,
            "location": "US",
            "max_time_travel_hours": "168",
            "project": "lambda-architeture-on-gcp",
            "resource_tags": {},
            "self_link": "https://bigquery.googleapis.com/bigquery/v2/projects/lambda-architeture-on-gcp/datasets/tbmercadorias",
            "storage_billing_model": "",
            "terraform_labels": {
              "env": "production",
              "goog-terraform-provisioned": "true",
              "managedby": "terraform"
            },
            "timeouts": null
          },
          "sensitive_attributes": [],
          "private": "eyJlMmJmYjczMC1lY2FhLTExZTYtOGY4OC0zNDM2M2JjN2M0YzAiOnsiY3JlYXRlIjoxMjAwMDAwMDAwMDAwLCJkZWxldGUiOjEyMDAwMDAwMDAwMDAsInVwZGF0ZSI6MTIwMDAwMDAwMDAwMH19"
        },
        {
          "index_key": "tbprodutos",
          "schema_version": 0,
          "attributes": {
            "access": [
              {
                "condition": [],
                "dataset": [],
                "domain": "",
                "group_by_email": "",
                "iam_member": "",
                "role": "OWNER",
                "routine": [],
                "special_group": "",
                "user_by_email": "management-zegordo-sa@lambda-architeture-on-gcp.iam.gserviceaccount.com",
                "view": []
              },
              {
                "condition": [],
                "dataset": [],
                "domain": "",
                "group_by_email": "",
                "iam_member": "",
                "role": "OWNER",
                "routine": [],
                "special_group": "projectOwners",
                "user_by_email": "",
                "view": []
              },
              {
                "condition": [],
                "dataset": [],
                "domain": "",
                "group_by_email": "",
                "iam_member": "",
                "role": "READER",
                "routine": [],
                "special_group": "projectReaders",
                "user_by_email": "",
                "view": []
              },
              {
                "condition": [],
                "dataset": [],
                "domain": "",
                "group_by_email": "",
                "iam_member": "",
                "role": "WRITER",
                "routine": [],
                "special_group": "projectWriters",
                "user_by_email": "",
                "view": []
              }
            ],
            "creation_time": -1244363412,
            "dataset_id": "tbprodutos",
            "default_collation": "",
            "default_encryption_configuration": [],
            "default_partition_expiration_ms": 0,
            "default_table_expiration_ms": 0,
            "delete_contents_on_destroy": false,
            "description": "",
            "effective_labels": {
              "env": "production",
              "goog-terraform-provisioned": "true",
              "managedby": "terraform"
            },
            "etag": "95eC1Nj0qCQRmZN47ptewA==",
            "external_dataset_reference": [],
            "friendly_name": "",
            "id": "projects/lambda-architeture-on-gcp/datasets/tbprodutos",
            "is_case_insensitive": false,
            "labels": {
              "env": "production",
              "managedby": "terraform"
            },
            "last_modified_time": -1244363412,
            "location": "US",
            "max_time_travel_hours": "168",
            "project": "lambda-architeture-on-gcp",
            "resource_tags": {},
            "self_link": "https://bigquery.googleapis.com/bigquery/v2/projects/lambda-architeture-on-gcp/datasets/tbprodutos",
            "storage_billing_model": "",
            "terraform_labels": {
              "env": "production",
              "goog-terraform-provisioned": "true",
              "managedby": "terraform"
            },
            "timeouts": null
          },
          "sensitive_attributes": [],
          "private": "eyJlMmJmYjczMC1lY2FhLTExZTYtOGY4OC0zNDM2M2JjN2M0YzAiOnsiY3JlYXRlIjoxMjAwMDAwMDAwMDAwLCJkZWxldGUiOjEyMDAwMDAwMDAwMDAsInVwZGF0ZSI6MTIwMDAwMDAwMDAwMH19"
        },
        {
          "index_key": "tbtributacao",
          "schema_version": 0,
          "attributes": {
            "access": [
              {
                "condition": [],
                "dataset": [],
                "domain": "",
                "group_by_email": "",
                "iam_member": "",
                "role": "OWNER",
                "routine": [],
                "special_group": "",
                "user_by_email": "management-zegordo-sa@lambda-architeture-on-gcp.iam.gserviceaccount.com",
                "view": []
              },
              {
                "condition": [],
                "dataset": [],
                "domain": "",
                "group_by_email": "",
                "iam_member": "",
                "role": "OWNER",
                "routine": [],
                "special_group": "projectOwners",
                "user_by_email": "",
                "view": []
              },
              {
                "condition": [],
                "dataset": [],
                "domain": "",
                "group_by_email": "",
                "iam_member": "",
                "role": "READER",
                "routine": [],
                "special_group": "projectReaders",
                "user_by_email": "",
                "view": []
              },
              {
                "condition": [],
                "dataset": [],
                "domain": "",
                "group_by_email": "",
                "iam_member": "",
                "role": "WRITER",
                "routine": [],
                "special_group": "projectWriters",
                "user_by_email": "",
                "view": []
              }
            ],
            "creation_time": -1244363409,
            "dataset_id": "tbtributacao",
            "default_collation": "",
            "default_encryption_configuration": [],
            "default_partition_expiration_ms": 0,
            "default_table_expiration_ms": 0,
            "delete_contents_on_destroy": false,
            "description": "",
            "effective_labels": {
              "env": "production",
              "goog-terraform-provisioned": "true",
              "managedby": "terraform"
            },
            "etag": "4/nbWvHNTThhEqsCB2HCeg==",
            "external_dataset_reference": [],
            "friendly_name": "",
            "id": "projects/lambda-architeture-on-gcp/datasets/tbtributacao",
            "is_case_insensitive": false,
            "labels": {
              "env": "production",
              "managedby": "terraform"
            },
            "last_modified_time": -1244363409,
            "location": "US",
            "max_time_travel_hours": "168",
            "project": "lambda-architeture-on-gcp",
            "resource_tags": {},
            "self_link": "https://bigquery.googleapis.com/bigquery/v2/projects/lambda-architeture-on-gcp/datasets/tbtributacao",
            "storage_billing_model": "",
            "terraform_labels": {
              "env": "production",
              "goog-terraform-provisioned": "true",
              "managedby": "terraform"
            },
            "timeouts": null
          },
          "sensitive_attributes": [],
          "private": "eyJlMmJmYjczMC1lY2FhLTExZTYtOGY4OC0zNDM2M2JjN2M0YzAiOnsiY3JlYXRlIjoxMjAwMDAwMDAwMDAwLCJkZWxldGUiOjEyMDAwMDAwMDAwMDAsInVwZGF0ZSI6MTIwMDAwMDAwMDAwMH19"
        },
        {
          "index_key": "tbvendas",
          "schema_version": 0,
          "attributes": {
            "access": [
              {
                "condition": [],
                "dataset": [],
                "domain": "",
                "group_by_email": "",
                "iam_member": "",
                "role": "OWNER",
                "routine": [],
                "special_group": "",
                "user_by_email": "management-zegordo-sa@lambda-architeture-on-gcp.iam.gserviceaccount.com",
                "view": []
              },
              {
                "condition": [],
                "dataset": [],
                "domain": "",
                "group_by_email": "",
                "iam_member": "",
                "role": "OWNER",
                "routine": [],
                "special_group": "projectOwners",
                "user_by_email": "",
                "view": []
              },
              {
                "condition": [],
                "dataset": [],
                "domain": "",
                "group_by_email": "",
                "iam_member": "",
                "role": "READER",
                "routine": [],
                "special_group": "projectReaders",
                "user_by_email": "",
                "view": []
              },
              {
                "condition": [],
                "dataset": [],
                "domain": "",
                "group_by_email": "",
                "iam_member": "",
                "role": "WRITER",
                "routine": [],
                "special_group": "projectWriters",
                "user_by_email": "",
                "view": []
              }
            ],
            "creation_time": -1244363413,
            "dataset_id": "tbvendas",
            "default_collation": "",
            "default_encryption_configuration": [],
            "default_partition_expiration_ms": 0,
            "default_table_expiration_ms": 0,
            "delete_contents_on_destroy": false,
            "description": "",
            "effective_labels": {
              "env": "production",
              "goog-terraform-provisioned": "true",
              "managedby": "terraform"
            },
            "etag": "xVwN5oXh6QB0SYnyW8addg==",
            "external_dataset_reference": [],
            "friendly_name": "",
            "id": "projects/lambda-architeture-on-gcp/datasets/tbvendas",
            "is_case_insensitive": false,
            "labels": {
              "env": "production",
              "managedby": "terraform"
            },
            "last_modified_time": -1244363413,
            "location": "US",
            "max_time_travel_hours": "168",
            "project": "lambda-architeture-on-gcp",
            "resource_tags": {},
            "self_link": "https://bigquery.googleapis.com/bigquery/v2/projects/lambda-architeture-on-gcp/datasets/tbvendas",
            "storage_billing_model": "",
            "terraform_labels": {
              "env": "production",
              "goog-terraform-provisioned": "true",
              "managedby": "terraform"
            },
            "timeouts": null
          },
          "sensitive_attributes": [],
          "private": "eyJlMmJmYjczMC1lY2FhLTExZTYtOGY4OC0zNDM2M2JjN2M0YzAiOnsiY3JlYXRlIjoxMjAwMDAwMDAwMDAwLCJkZWxldGUiOjEyMDAwMDAwMDAwMDAsInVwZGF0ZSI6MTIwMDAwMDAwMDAwMH19"
        },
        {
          "index_key": "tbvendasbk",
          "schema_version": 0,
          "attributes": {
            "access": [
              {
                "condition": [],
                "dataset": [],
                "domain": "",
                "group_by_email": "",
                "iam_member": "",
                "role": "OWNER",
                "routine": [],
                "special_group": "",
                "user_by_email": "management-zegordo-sa@lambda-architeture-on-gcp.iam.gserviceaccount.com",
                "view": []
              },
              {
                "condition": [],
                "dataset": [],
                "domain": "",
                "group_by_email": "",
                "iam_member": "",
                "role": "OWNER",
                "routine": [],
                "special_group": "projectOwners",
                "user_by_email": "",
                "view": []
              },
              {
                "condition": [],
                "dataset": [],
                "domain": "",
                "group_by_email": "",
                "iam_member": "",
                "role": "READER",
                "routine": [],
                "special_group": "projectReaders",
                "user_by_email": "",
                "view": []
              },
              {
                "condition": [],
                "dataset": [],
                "domain": "",
                "group_by_email": "",
                "iam_member": "",
                "role": "WRITER",
                "routine": [],
                "special_group": "projectWriters",
                "user_by_email": "",
                "view": []
              }
            ],
            "creation_time": -1244363359,
            "dataset_id": "tbvendasbk",
            "default_collation": "",
            "default_encryption_configuration": [],
            "default_partition_expiration_ms": 0,
            "default_table_expiration_ms": 0,
            "delete_contents_on_destroy": false,
            "description": "",
            "effective_labels": {
              "env": "production",
              "goog-terraform-provisioned": "true",
              "managedby": "terraform"
            },
            "etag": "dcJbGs0w60Got6jDDXtX0w==",
            "external_dataset_reference": [],
            "friendly_name": "",
            "id": "projects/lambda-architeture-on-gcp/datasets/tbvendasbk",
            "is_case_insensitive": false,
            "labels": {
              "env": "production",
              "managedby": "terraform"
            },
            "last_modified_time": -1244363359,
            "location": "US",
            "max_time_travel_hours": "168",
            "project": "lambda-architeture-on-gcp",
            "resource_tags": {},
            "self_link": "https://bigquery.googleapis.com/bigquery/v2/projects/lambda-architeture-on-gcp/datasets/tbvendasbk",
            "storage_billing_model": "",
            "terraform_labels": {
              "env": "production",
              "goog-terraform-provisioned": "true",
              "managedby": "terraform"
            },
            "timeouts": null
          },
          "sensitive_attributes": [],
          "private": "eyJlMmJmYjczMC1lY2FhLTExZTYtOGY4OC0zNDM2M2JjN2M0YzAiOnsiY3JlYXRlIjoxMjAwMDAwMDAwMDAwLCJkZWxldGUiOjEyMDAwMDAwMDAwMDAsInVwZGF0ZSI6MTIwMDAwMDAwMDAwMH19"
        },
        {
          "index_key": "tbvendasdet",
          "schema_version": 0,
          "attributes": {
            "access": [
              {
                "condition": [],
                "dataset": [],
                "domain": "",
                "group_by_email": "",
                "iam_member": "",
                "role": "OWNER",
                "routine": [],
                "special_group": "",
                "user_by_email": "management-zegordo-sa@lambda-architeture-on-gcp.iam.gserviceaccount.com",
                "view": []
              },
              {
                "condition": [],
                "dataset": [],
                "domain": "",
                "group_by_email": "",
                "iam_member": "",
                "role": "OWNER",
                "routine": [],
                "special_group": "projectOwners",
                "user_by_email": "",
                "view": []
              },
              {
                "condition": [],
                "dataset": [],
                "domain": "",
                "group_by_email": "",
                "iam_member": "",
                "role": "READER",
                "routine": [],
                "special_group": "projectReaders",
                "user_by_email": "",
                "view": []
              },
              {
                "condition": [],
                "dataset": [],
                "domain": "",
                "group_by_email": "",
                "iam_member": "",
                "role": "WRITER",
                "routine": [],
                "special_group": "projectWriters",
                "user_by_email": "",
                "view": []
              }
            ],
            "creation_time": -1244363411,
            "dataset_id": "tbvendasdet",
            "default_collation": "",
            "default_encryption_configuration": [],
            "default_partition_expiration_ms": 0,
            "default_table_expiration_ms": 0,
            "delete_contents_on_destroy": false,
            "description": "",
            "effective_labels": {
              "env": "production",
              "goog-terraform-provisioned": "true",
              "managedby": "terraform"
            },
            "etag": "djFnw2YDD5H1wxLsjKhI8g==",
            "external_dataset_reference": [],
            "friendly_name": "",
            "id": "projects/lambda-architeture-on-gcp/datasets/tbvendasdet",
            "is_case_insensitive": false,
            "labels": {
              "env": "production",
              "managedby": "terraform"
            },
            "last_modified_time": -1244363411,
            "location": "US",
            "max_time_travel_hours": "168",
            "project": "lambda-architeture-on-gcp",
            "resource_tags": {},
            "self_link": "https://bigquery.googleapis.com/bigquery/v2/projects/lambda-architeture-on-gcp/datasets/tbvendasdet",
            "storage_billing_model": "",
            "terraform_labels": {
              "env": "production",
              "goog-terraform-provisioned": "true",
              "managedby": "terraform"
            },
            "timeouts": null
          },
          "sensitive_attributes": [],
          "private": "eyJlMmJmYjczMC1lY2FhLTExZTYtOGY4OC0zNDM2M2JjN2M0YzAiOnsiY3JlYXRlIjoxMjAwMDAwMDAwMDAwLCJkZWxldGUiOjEyMDAwMDAwMDAwMDAsInVwZGF0ZSI6MTIwMDAwMDAwMDAwMH19"
        },
        {
          "index_key": "tbvendaspag",
          "schema_version": 0,
          "attributes": {
            "access": [
              {
                "condition": [],
                "dataset": [],
                "domain": "",
                "group_by_email": "",
                "iam_member": "",
                "role": "OWNER",
                "routine": [],
                "special_group": "",
                "user_by_email": "management-zegordo-sa@lambda-architeture-on-gcp.iam.gserviceaccount.com",
                "view": []
              },
              {
                "condition": [],
                "dataset": [],
                "domain": "",
                "group_by_email": "",
                "iam_member": "",
                "role": "OWNER",
                "routine": [],
                "special_group": "projectOwners",
                "user_by_email": "",
                "view": []
              },
              {
                "condition": [],
                "dataset": [],
                "domain": "",
                "group_by_email": "",
                "iam_member": "",
                "role": "READER",
                "routine": [],
                "special_group": "projectReaders",
                "user_by_email": "",
                "view": []
              },
              {
                "condition": [],
                "dataset": [],
                "domain": "",
                "group_by_email": "",
                "iam_member": "",
                "role": "WRITER",
                "routine": [],
                "special_group": "projectWriters",
                "user_by_email": "",
                "view": []
              }
            ],
            "creation_time": -1244363411,
            "dataset_id": "tbvendaspag",
            "default_collation": "",
            "default_encryption_configuration": [],
            "default_partition_expiration_ms": 0,
            "default_table_expiration_ms": 0,
            "delete_contents_on_destroy": false,
            "description": "",
            "effective_labels": {
              "env": "production",
              "goog-terraform-provisioned": "true",
              "managedby": "terraform"
            },
            "etag": "JmXY5LFzx5sDvHhWNQhXJw==",
            "external_dataset_reference": [],
            "friendly_name": "",
            "id": "projects/lambda-architeture-on-gcp/datasets/tbvendaspag",
            "is_case_insensitive": false,
            "labels": {
              "env": "production",
              "managedby": "terraform"
            },
            "last_modified_time": -1244363411,
            "location": "US",
            "max_time_travel_hours": "168",
            "project": "lambda-architeture-on-gcp",
            "resource_tags": {},
            "self_link": "https://bigquery.googleapis.com/bigquery/v2/projects/lambda-architeture-on-gcp/datasets/tbvendaspag",
            "storage_billing_model": "",
            "terraform_labels": {
              "env": "production",
              "goog-terraform-provisioned": "true",
              "managedby": "terraform"
            },
            "timeouts": null
          },
          "sensitive_attributes": [],
          "private": "eyJlMmJmYjczMC1lY2FhLTExZTYtOGY4OC0zNDM2M2JjN2M0YzAiOnsiY3JlYXRlIjoxMjAwMDAwMDAwMDAwLCJkZWxldGUiOjEyMDAwMDAwMDAwMDAsInVwZGF0ZSI6MTIwMDAwMDAwMDAwMH19"
        }
      ]
    },
    {
      "mode": "managed",
      "type": "google_storage_bucket",
      "name": "create_bucket_ingestion",
      "provider": "provider[\"registry.terraform.io/hashicorp/google\"]",
      "instances": [
        {
          "schema_version": 3,
          "attributes": {
            "autoclass": [],
            "cors": [],
            "custom_placement_config": [],
            "default_event_based_hold": false,
            "effective_labels": {
              "goog-terraform-provisioned": "true"
            },
            "enable_object_retention": false,
            "encryption": [],
            "force_destroy": false,
            "hierarchical_namespace": [
              {
                "enabled": false
              }
            ],
            "id": "lambda-architeture-on-gcp-firebird-db",
            "labels": {},
            "lifecycle_rule": [],
            "location": "US",
            "logging": [],
            "name": "lambda-architeture-on-gcp-firebird-db",
            "project": "lambda-architeture-on-gcp",
            "project_number": 1106937716,
            "public_access_prevention": "inherited",
            "requester_pays": false,
            "retention_policy": [],
            "rpo": "DEFAULT",
            "self_link": "https://www.googleapis.com/storage/v1/b/lambda-architeture-on-gcp-firebird-db",
            "soft_delete_policy": [
              {
                "effective_time": "2025-03-21T00:15:02.361Z",
                "retention_duration_seconds": 604800
              }
            ],
            "storage_class": "STANDARD",
            "terraform_labels": {
              "goog-terraform-provisioned": "true"
            },
            "timeouts": null,
            "uniform_bucket_level_access": false,
            "url": "gs://lambda-architeture-on-gcp-firebird-db",
            "versioning": [],
            "website": []
          },
          "sensitive_attributes": [],
          "private": "eyJlMmJmYjczMC1lY2FhLTExZTYtOGY4OC0zNDM2M2JjN2M0YzAiOnsiY3JlYXRlIjo2MDAwMDAwMDAwMDAsInJlYWQiOjI0MDAwMDAwMDAwMCwidXBkYXRlIjoyNDAwMDAwMDAwMDB9LCJzY2hlbWFfdmVyc2lvbiI6IjMifQ=="
        }
      ]
    },
    {
      "mode": "managed",
      "type": "google_storage_bucket_object",
      "name": "ingestion_folder",
      "provider": "provider[\"registry.terraform.io/hashicorp/google\"]",
      "instances": [
        {
          "schema_version": 0,
          "attributes": {
            "bucket": "lambda-architeture-on-gcp-firebird-db",
            "cache_control": "",
            "content": " ",
            "content_disposition": "",
            "content_encoding": "",
            "content_language": "",
            "content_type": "text/plain; charset=utf-8",
            "crc32c": "csDdjw==",
            "customer_encryption": [],
            "detect_md5hash": "chXunH2dwinSkhpA6JnsXw==",
            "event_based_hold": false,
            "generation": 626698249,
            "id": "lambda-architeture-on-gcp-firebird-db-ingestion/",
            "kms_key_name": "",
            "md5hash": "chXunH2dwinSkhpA6JnsXw==",
            "media_link": "https://storage.googleapis.com/download/storage/v1/b/lambda-architeture-on-gcp-firebird-db/o/ingestion%2F?generation=1742516103325705\u0026alt=media",
            "metadata": {},
            "name": "ingestion/",
            "output_name": "ingestion/",
            "retention": [],
            "self_link": "https://www.googleapis.com/storage/v1/b/lambda-architeture-on-gcp-firebird-db/o/ingestion%2F",
            "source": null,
            "storage_class": "STANDARD",
            "temporary_hold": false,
            "timeouts": null
          },
          "sensitive_attributes": [
            [
              {
                "type": "get_attr",
                "value": "content"
              }
            ]
          ],
          "private": "eyJlMmJmYjczMC1lY2FhLTExZTYtOGY4OC0zNDM2M2JjN2M0YzAiOnsiY3JlYXRlIjoyNDAwMDAwMDAwMDAsImRlbGV0ZSI6MjQwMDAwMDAwMDAwLCJ1cGRhdGUiOjI0MDAwMDAwMDAwMH19",
          "dependencies": [
            "google_storage_bucket.create_bucket_ingestion"
          ]
        }
      ]
    },
    {
      "mode": "managed",
      "type": "google_storage_bucket_object",
      "name": "tables_folder",
      "provider": "provider[\"registry.terraform.io/hashicorp/google\"]",
      "instances": [
        {
          "index_key": "tbestoquesdet",
          "schema_version": 0,
          "attributes": {
            "bucket": "lambda-architeture-on-gcp-firebird-db",
            "cache_control": "",
            "content": " ",
            "content_disposition": "",
            "content_encoding": "",
            "content_language": "",
            "content_type": "text/plain; charset=utf-8",
            "crc32c": "csDdjw==",
            "customer_encryption": [],
            "detect_md5hash": "chXunH2dwinSkhpA6JnsXw==",
            "event_based_hold": false,
            "generation": 627201559,
            "id": "lambda-architeture-on-gcp-firebird-db-ingestion/tbestoquesdet/",
            "kms_key_name": "",
            "md5hash": "chXunH2dwinSkhpA6JnsXw==",
            "media_link": "https://storage.googleapis.com/download/storage/v1/b/lambda-architeture-on-gcp-firebird-db/o/ingestion%2Ftbestoquesdet%2F?generation=1742516103829015\u0026alt=media",
            "metadata": {},
            "name": "ingestion/tbestoquesdet/",
            "output_name": "ingestion/tbestoquesdet/",
            "retention": [],
            "self_link": "https://www.googleapis.com/storage/v1/b/lambda-architeture-on-gcp-firebird-db/o/ingestion%2Ftbestoquesdet%2F",
            "source": null,
            "storage_class": "STANDARD",
            "temporary_hold": false,
            "timeouts": null
          },
          "sensitive_attributes": [
            [
              {
                "type": "get_attr",
                "value": "content"
              }
            ]
          ],
          "private": "eyJlMmJmYjczMC1lY2FhLTExZTYtOGY4OC0zNDM2M2JjN2M0YzAiOnsiY3JlYXRlIjoyNDAwMDAwMDAwMDAsImRlbGV0ZSI6MjQwMDAwMDAwMDAwLCJ1cGRhdGUiOjI0MDAwMDAwMDAwMH19",
          "dependencies": [
            "google_storage_bucket.create_bucket_ingestion",
            "google_storage_bucket_object.ingestion_folder"
          ]
        },
        {
          "index_key": "tbforn",
          "schema_version": 0,
          "attributes": {
            "bucket": "lambda-architeture-on-gcp-firebird-db",
            "cache_control": "",
            "content": " ",
            "content_disposition": "",
            "content_encoding": "",
            "content_language": "",
            "content_type": "text/plain; charset=utf-8",
            "crc32c": "csDdjw==",
            "customer_encryption": [],
            "detect_md5hash": "chXunH2dwinSkhpA6JnsXw==",
            "event_based_hold": false,
            "generation": 627213015,
            "id": "lambda-architeture-on-gcp-firebird-db-ingestion/tbforn/",
            "kms_key_name": "",
            "md5hash": "chXunH2dwinSkhpA6JnsXw==",
            "media_link": "https://storage.googleapis.com/download/storage/v1/b/lambda-architeture-on-gcp-firebird-db/o/ingestion%2Ftbforn%2F?generation=1742516103840471\u0026alt=media",
            "metadata": {},
            "name": "ingestion/tbforn/",
            "output_name": "ingestion/tbforn/",
            "retention": [],
            "self_link": "https://www.googleapis.com/storage/v1/b/lambda-architeture-on-gcp-firebird-db/o/ingestion%2Ftbforn%2F",
            "source": null,
            "storage_class": "STANDARD",
            "temporary_hold": false,
            "timeouts": null
          },
          "sensitive_attributes": [
            [
              {
                "type": "get_attr",
                "value": "content"
              }
            ]
          ],
          "private": "eyJlMmJmYjczMC1lY2FhLTExZTYtOGY4OC0zNDM2M2JjN2M0YzAiOnsiY3JlYXRlIjoyNDAwMDAwMDAwMDAsImRlbGV0ZSI6MjQwMDAwMDAwMDAwLCJ1cGRhdGUiOjI0MDAwMDAwMDAwMH19",
          "dependencies": [
            "google_storage_bucket.create_bucket_ingestion",
            "google_storage_bucket_object.ingestion_folder"
          ]
        },
        {
          "index_key": "tblogpdv",
          "schema_version": 0,
          "attributes": {
            "bucket": "lambda-architeture-on-gcp-firebird-db",
            "cache_control": "",
            "content": " ",
            "content_disposition": "",
            "content_encoding": "",
            "content_language": "",
            "content_type": "text/plain; charset=utf-8",
            "crc32c": "csDdjw==",
            "customer_encryption": [],
            "detect_md5hash": "chXunH2dwinSkhpA6JnsXw==",
            "event_based_hold": false,
            "generation": 627206130,
            "id": "lambda-architeture-on-gcp-firebird-db-ingestion/tblogpdv/",
            "kms_key_name": "",
            "md5hash": "chXunH2dwinSkhpA6JnsXw==",
            "media_link": "https://storage.googleapis.com/download/storage/v1/b/lambda-architeture-on-gcp-firebird-db/o/ingestion%2Ftblogpdv%2F?generation=1742516103833586\u0026alt=media",
            "metadata": {},
            "name": "ingestion/tblogpdv/",
            "output_name": "ingestion/tblogpdv/",
            "retention": [],
            "self_link": "https://www.googleapis.com/storage/v1/b/lambda-architeture-on-gcp-firebird-db/o/ingestion%2Ftblogpdv%2F",
            "source": null,
            "storage_class": "STANDARD",
            "temporary_hold": false,
            "timeouts": null
          },
          "sensitive_attributes": [
            [
              {
                "type": "get_attr",
                "value": "content"
              }
            ]
          ],
          "private": "eyJlMmJmYjczMC1lY2FhLTExZTYtOGY4OC0zNDM2M2JjN2M0YzAiOnsiY3JlYXRlIjoyNDAwMDAwMDAwMDAsImRlbGV0ZSI6MjQwMDAwMDAwMDAwLCJ1cGRhdGUiOjI0MDAwMDAwMDAwMH19",
          "dependencies": [
            "google_storage_bucket.create_bucket_ingestion",
            "google_storage_bucket_object.ingestion_folder"
          ]
        },
        {
          "index_key": "tbmercadorias",
          "schema_version": 0,
          "attributes": {
            "bucket": "lambda-architeture-on-gcp-firebird-db",
            "cache_control": "",
            "content": " ",
            "content_disposition": "",
            "content_encoding": "",
            "content_language": "",
            "content_type": "text/plain; charset=utf-8",
            "crc32c": "csDdjw==",
            "customer_encryption": [],
            "detect_md5hash": "chXunH2dwinSkhpA6JnsXw==",
            "event_based_hold": false,
            "generation": 627226142,
            "id": "lambda-architeture-on-gcp-firebird-db-ingestion/tbmercadorias/",
            "kms_key_name": "",
            "md5hash": "chXunH2dwinSkhpA6JnsXw==",
            "media_link": "https://storage.googleapis.com/download/storage/v1/b/lambda-architeture-on-gcp-firebird-db/o/ingestion%2Ftbmercadorias%2F?generation=1742516103853598\u0026alt=media",
            "metadata": {},
            "name": "ingestion/tbmercadorias/",
            "output_name": "ingestion/tbmercadorias/",
            "retention": [],
            "self_link": "https://www.googleapis.com/storage/v1/b/lambda-architeture-on-gcp-firebird-db/o/ingestion%2Ftbmercadorias%2F",
            "source": null,
            "storage_class": "STANDARD",
            "temporary_hold": false,
            "timeouts": null
          },
          "sensitive_attributes": [
            [
              {
                "type": "get_attr",
                "value": "content"
              }
            ]
          ],
          "private": "eyJlMmJmYjczMC1lY2FhLTExZTYtOGY4OC0zNDM2M2JjN2M0YzAiOnsiY3JlYXRlIjoyNDAwMDAwMDAwMDAsImRlbGV0ZSI6MjQwMDAwMDAwMDAwLCJ1cGRhdGUiOjI0MDAwMDAwMDAwMH19",
          "dependencies": [
            "google_storage_bucket.create_bucket_ingestion",
            "google_storage_bucket_object.ingestion_folder"
          ]
        },
        {
          "index_key": "tbprodutos",
          "schema_version": 0,
          "attributes": {
            "bucket": "lambda-architeture-on-gcp-firebird-db",
            "cache_control": "",
            "content": " ",
            "content_disposition": "",
            "content_encoding": "",
            "content_language": "",
            "content_type": "text/plain; charset=utf-8",
            "crc32c": "csDdjw==",
            "customer_encryption": [],
            "detect_md5hash": "chXunH2dwinSkhpA6JnsXw==",
            "event_based_hold": false,
            "generation": 627206807,
            "id": "lambda-architeture-on-gcp-firebird-db-ingestion/tbprodutos/",
            "kms_key_name": "",
            "md5hash": "chXunH2dwinSkhpA6JnsXw==",
            "media_link": "https://storage.googleapis.com/download/storage/v1/b/lambda-architeture-on-gcp-firebird-db/o/ingestion%2Ftbprodutos%2F?generation=1742516103834263\u0026alt=media",
            "metadata": {},
            "name": "ingestion/tbprodutos/",
            "output_name": "ingestion/tbprodutos/",
            "retention": [],
            "self_link": "https://www.googleapis.com/storage/v1/b/lambda-architeture-on-gcp-firebird-db/o/ingestion%2Ftbprodutos%2F",
            "source": null,
            "storage_class": "STANDARD",
            "temporary_hold": false,
            "timeouts": null
          },
          "sensitive_attributes": [
            [
              {
                "type": "get_attr",
                "value": "content"
              }
            ]
          ],
          "private": "eyJlMmJmYjczMC1lY2FhLTExZTYtOGY4OC0zNDM2M2JjN2M0YzAiOnsiY3JlYXRlIjoyNDAwMDAwMDAwMDAsImRlbGV0ZSI6MjQwMDAwMDAwMDAwLCJ1cGRhdGUiOjI0MDAwMDAwMDAwMH19",
          "dependencies": [
            "google_storage_bucket.create_bucket_ingestion",
            "google_storage_bucket_object.ingestion_folder"
          ]
        },
        {
          "index_key": "tbtributacao",
          "schema_version": 0,
          "attributes": {
            "bucket": "lambda-architeture-on-gcp-firebird-db",
            "cache_control": "",
            "content": " ",
            "content_disposition": "",
            "content_encoding": "",
            "content_language": "",
            "content_type": "text/plain; charset=utf-8",
            "crc32c": "csDdjw==",
            "customer_encryption": [],
            "detect_md5hash": "chXunH2dwinSkhpA6JnsXw==",
            "event_based_hold": false,
            "generation": 627221369,
            "id": "lambda-architeture-on-gcp-firebird-db-ingestion/tbtributacao/",
            "kms_key_name": "",
            "md5hash": "chXunH2dwinSkhpA6JnsXw==",
            "media_link": "https://storage.googleapis.com/download/storage/v1/b/lambda-architeture-on-gcp-firebird-db/o/ingestion%2Ftbtributacao%2F?generation=1742516103848825\u0026alt=media",
            "metadata": {},
            "name": "ingestion/tbtributacao/",
            "output_name": "ingestion/tbtributacao/",
            "retention": [],
            "self_link": "https://www.googleapis.com/storage/v1/b/lambda-architeture-on-gcp-firebird-db/o/ingestion%2Ftbtributacao%2F",
            "source": null,
            "storage_class": "STANDARD",
            "temporary_hold": false,
            "timeouts": null
          },
          "sensitive_attributes": [
            [
              {
                "type": "get_attr",
                "value": "content"
              }
            ]
          ],
          "private": "eyJlMmJmYjczMC1lY2FhLTExZTYtOGY4OC0zNDM2M2JjN2M0YzAiOnsiY3JlYXRlIjoyNDAwMDAwMDAwMDAsImRlbGV0ZSI6MjQwMDAwMDAwMDAwLCJ1cGRhdGUiOjI0MDAwMDAwMDAwMH19",
          "dependencies": [
            "google_storage_bucket.create_bucket_ingestion",
            "google_storage_bucket_object.ingestion_folder"
          ]
        },
        {
          "index_key": "tbvendas",
          "schema_version": 0,
          "attributes": {
            "bucket": "lambda-architeture-on-gcp-firebird-db",
            "cache_control": "",
            "content": " ",
            "content_disposition": "",
            "content_encoding": "",
            "content_language": "",
            "content_type": "text/plain; charset=utf-8",
            "crc32c": "csDdjw==",
            "customer_encryption": [],
            "detect_md5hash": "chXunH2dwinSkhpA6JnsXw==",
            "event_based_hold": false,
            "generation": 627210766,
            "id": "lambda-architeture-on-gcp-firebird-db-ingestion/tbvendas/",
            "kms_key_name": "",
            "md5hash": "chXunH2dwinSkhpA6JnsXw==",
            "media_link": "https://storage.googleapis.com/download/storage/v1/b/lambda-architeture-on-gcp-firebird-db/o/ingestion%2Ftbvendas%2F?generation=1742516103838222\u0026alt=media",
            "metadata": {},
            "name": "ingestion/tbvendas/",
            "output_name": "ingestion/tbvendas/",
            "retention": [],
            "self_link": "https://www.googleapis.com/storage/v1/b/lambda-architeture-on-gcp-firebird-db/o/ingestion%2Ftbvendas%2F",
            "source": null,
            "storage_class": "STANDARD",
            "temporary_hold": false,
            "timeouts": null
          },
          "sensitive_attributes": [
            [
              {
                "type": "get_attr",
                "value": "content"
              }
            ]
          ],
          "private": "eyJlMmJmYjczMC1lY2FhLTExZTYtOGY4OC0zNDM2M2JjN2M0YzAiOnsiY3JlYXRlIjoyNDAwMDAwMDAwMDAsImRlbGV0ZSI6MjQwMDAwMDAwMDAwLCJ1cGRhdGUiOjI0MDAwMDAwMDAwMH19",
          "dependencies": [
            "google_storage_bucket.create_bucket_ingestion",
            "google_storage_bucket_object.ingestion_folder"
          ]
        },
        {
          "index_key": "tbvendasbk",
          "schema_version": 0,
          "attributes": {
            "bucket": "lambda-architeture-on-gcp-firebird-db",
            "cache_control": "",
            "content": " ",
            "content_disposition": "",
            "content_encoding": "",
            "content_language": "",
            "content_type": "text/plain; charset=utf-8",
            "crc32c": "csDdjw==",
            "customer_encryption": [],
            "detect_md5hash": "chXunH2dwinSkhpA6JnsXw==",
            "event_based_hold": false,
            "generation": 627361298,
            "id": "lambda-architeture-on-gcp-firebird-db-ingestion/tbvendasbk/",
            "kms_key_name": "",
            "md5hash": "chXunH2dwinSkhpA6JnsXw==",
            "media_link": "https://storage.googleapis.com/download/storage/v1/b/lambda-architeture-on-gcp-firebird-db/o/ingestion%2Ftbvendasbk%2F?generation=1742516103988754\u0026alt=media",
            "metadata": {},
            "name": "ingestion/tbvendasbk/",
            "output_name": "ingestion/tbvendasbk/",
            "retention": [],
            "self_link": "https://www.googleapis.com/storage/v1/b/lambda-architeture-on-gcp-firebird-db/o/ingestion%2Ftbvendasbk%2F",
            "source": null,
            "storage_class": "STANDARD",
            "temporary_hold": false,
            "timeouts": null
          },
          "sensitive_attributes": [
            [
              {
                "type": "get_attr",
                "value": "content"
              }
            ]
          ],
          "private": "eyJlMmJmYjczMC1lY2FhLTExZTYtOGY4OC0zNDM2M2JjN2M0YzAiOnsiY3JlYXRlIjoyNDAwMDAwMDAwMDAsImRlbGV0ZSI6MjQwMDAwMDAwMDAwLCJ1cGRhdGUiOjI0MDAwMDAwMDAwMH19",
          "dependencies": [
            "google_storage_bucket.create_bucket_ingestion",
            "google_storage_bucket_object.ingestion_folder"
          ]
        },
        {
          "index_key": "tbvendasdet",
          "schema_version": 0,
          "attributes": {
            "bucket": "lambda-architeture-on-gcp-firebird-db",
            "cache_control": "",
            "content": " ",
            "content_disposition": "",
            "content_encoding": "",
            "content_language": "",
            "content_type": "text/plain; charset=utf-8",
            "crc32c": "csDdjw==",
            "customer_encryption": [],
            "detect_md5hash": "chXunH2dwinSkhpA6JnsXw==",
            "event_based_hold": false,
            "generation": 627220866,
            "id": "lambda-architeture-on-gcp-firebird-db-ingestion/tbvendasdet/",
            "kms_key_name": "",
            "md5hash": "chXunH2dwinSkhpA6JnsXw==",
            "media_link": "https://storage.googleapis.com/download/storage/v1/b/lambda-architeture-on-gcp-firebird-db/o/ingestion%2Ftbvendasdet%2F?generation=1742516103848322\u0026alt=media",
            "metadata": {},
            "name": "ingestion/tbvendasdet/",
            "output_name": "ingestion/tbvendasdet/",
            "retention": [],
            "self_link": "https://www.googleapis.com/storage/v1/b/lambda-architeture-on-gcp-firebird-db/o/ingestion%2Ftbvendasdet%2F",
            "source": null,
            "storage_class": "STANDARD",
            "temporary_hold": false,
            "timeouts": null
          },
          "sensitive_attributes": [
            [
              {
                "type": "get_attr",
                "value": "content"
              }
            ]
          ],
          "private": "eyJlMmJmYjczMC1lY2FhLTExZTYtOGY4OC0zNDM2M2JjN2M0YzAiOnsiY3JlYXRlIjoyNDAwMDAwMDAwMDAsImRlbGV0ZSI6MjQwMDAwMDAwMDAwLCJ1cGRhdGUiOjI0MDAwMDAwMDAwMH19",
          "dependencies": [
            "google_storage_bucket.create_bucket_ingestion",
            "google_storage_bucket_object.ingestion_folder"
          ]
        },
        {
          "index_key": "tbvendaspag",
          "schema_version": 0,
          "attributes": {
            "bucket": "lambda-architeture-on-gcp-firebird-db",
            "cache_control": "",
            "content": " ",
            "content_disposition": "",
            "content_encoding": "",
            "content_language": "",
            "content_type": "text/plain; charset=utf-8",
            "crc32c": "csDdjw==",
            "customer_encryption": [],
            "detect_md5hash": "chXunH2dwinSkhpA6JnsXw==",
            "event_based_hold": false,
            "generation": 627206078,
            "id": "lambda-architeture-on-gcp-firebird-db-ingestion/tbvendaspag/",
            "kms_key_name": "",
            "md5hash": "chXunH2dwinSkhpA6JnsXw==",
            "media_link": "https://storage.googleapis.com/download/storage/v1/b/lambda-architeture-on-gcp-firebird-db/o/ingestion%2Ftbvendaspag%2F?generation=1742516103833534\u0026alt=media",
            "metadata": {},
            "name": "ingestion/tbvendaspag/",
            "output_name": "ingestion/tbvendaspag/",
            "retention": [],
            "self_link": "https://www.googleapis.com/storage/v1/b/lambda-architeture-on-gcp-firebird-db/o/ingestion%2Ftbvendaspag%2F",
            "source": null,
            "storage_class": "STANDARD",
            "temporary_hold": false,
            "timeouts": null
          },
          "sensitive_attributes": [
            [
              {
                "type": "get_attr",
                "value": "content"
              }
            ]
          ],
          "private": "eyJlMmJmYjczMC1lY2FhLTExZTYtOGY4OC0zNDM2M2JjN2M0YzAiOnsiY3JlYXRlIjoyNDAwMDAwMDAwMDAsImRlbGV0ZSI6MjQwMDAwMDAwMDAwLCJ1cGRhdGUiOjI0MDAwMDAwMDAwMH19",
          "dependencies": [
            "google_storage_bucket.create_bucket_ingestion",
            "google_storage_bucket_object.ingestion_folder"
          ]
        }
      ]
    }
  ],
  "check_results": null
}
