{
  "version": 4,
  "terraform_version": "1.11.2",
  "serial": 13,
  "lineage": "f9091e05-0dad-5fdd-a238-f1fd57ec904e",
  "outputs": {},
  "resources": [
    {
      "mode": "managed",
      "type": "google_bigquery_dataset",
      "name": "creation_bigquery_dataset",
      "provider": "provider[\"registry.terraform.io/hashicorp/google\"]",
      "instances": [
        {
          "index_key": "tbestoquesdet",
          "schema_version": 0,
          "attributes": {
            "access": [
              {
                "condition": [],
                "dataset": [],
                "domain": "",
                "group_by_email": "",
                "iam_member": "",
                "role": "OWNER",
                "routine": [],
                "special_group": "",
                "user_by_email": "management-zegordo-sa@lambda-architeture-on-gcp.iam.gserviceaccount.com",
                "view": []
              },
              {
                "condition": [],
                "dataset": [],
                "domain": "",
                "group_by_email": "",
                "iam_member": "",
                "role": "OWNER",
                "routine": [],
                "special_group": "projectOwners",
                "user_by_email": "",
                "view": []
              },
              {
                "condition": [],
                "dataset": [],
                "domain": "",
                "group_by_email": "",
                "iam_member": "",
                "role": "READER",
                "routine": [],
                "special_group": "projectReaders",
                "user_by_email": "",
                "view": []
              },
              {
                "condition": [],
                "dataset": [],
                "domain": "",
                "group_by_email": "",
                "iam_member": "",
                "role": "WRITER",
                "routine": [],
                "special_group": "projectWriters",
                "user_by_email": "",
                "view": []
              }
            ],
            "creation_time": -1244363410,
            "dataset_id": "tbestoquesdet",
            "default_collation": "",
            "default_encryption_configuration": [],
            "default_partition_expiration_ms": 0,
            "default_table_expiration_ms": 0,
            "delete_contents_on_destroy": false,
            "description": "",
            "effective_labels": {
              "env": "production",
              "goog-terraform-provisioned": "true",
              "managedby": "terraform"
            },
            "etag": "/2wxDWl2Cdy5Qn8iZ4aS2g==",
            "external_dataset_reference": [],
            "friendly_name": "",
            "id": "projects/lambda-architeture-on-gcp/datasets/tbestoquesdet",
            "is_case_insensitive": false,
            "labels": {
              "env": "production",
              "managedby": "terraform"
            },
            "last_modified_time": -1244363410,
            "location": "US",
            "max_time_travel_hours": "168",
            "project": "lambda-architeture-on-gcp",
            "resource_tags": {},
            "self_link": "https://bigquery.googleapis.com/bigquery/v2/projects/lambda-architeture-on-gcp/datasets/tbestoquesdet",
            "storage_billing_model": "",
            "terraform_labels": {
              "env": "production",
              "goog-terraform-provisioned": "true",
              "managedby": "terraform"
            },
            "timeouts": null
          },
          "sensitive_attributes": [],
          "private": "eyJlMmJmYjczMC1lY2FhLTExZTYtOGY4OC0zNDM2M2JjN2M0YzAiOnsiY3JlYXRlIjoxMjAwMDAwMDAwMDAwLCJkZWxldGUiOjEyMDAwMDAwMDAwMDAsInVwZGF0ZSI6MTIwMDAwMDAwMDAwMH19"
        },
        {
          "index_key": "tbforn",
          "schema_version": 0,
          "attributes": {
            "access": [
              {
                "condition": [],
                "dataset": [],
                "domain": "",
                "group_by_email": "",
                "iam_member": "",
                "role": "OWNER",
                "routine": [],
                "special_group": "",
                "user_by_email": "management-zegordo-sa@lambda-architeture-on-gcp.iam.gserviceaccount.com",
                "view": []
              },
              {
                "condition": [],
                "dataset": [],
                "domain": "",
                "group_by_email": "",
                "iam_member": "",
                "role": "OWNER",
                "routine": [],
                "special_group": "projectOwners",
                "user_by_email": "",
                "view": []
              },
              {
                "condition": [],
                "dataset": [],
                "domain": "",
                "group_by_email": "",
                "iam_member": "",
                "role": "READER",
                "routine": [],
                "special_group": "projectReaders",
                "user_by_email": "",
                "view": []
              },
              {
                "condition": [],
                "dataset": [],
                "domain": "",
                "group_by_email": "",
                "iam_member": "",
                "role": "WRITER",
                "routine": [],
                "special_group": "projectWriters",
                "user_by_email": "",
                "view": []
              }
            ],
            "creation_time": -1244363409,
            "dataset_id": "tbforn",
            "default_collation": "",
            "default_encryption_configuration": [],
            "default_partition_expiration_ms": 0,
            "default_table_expiration_ms": 0,
            "delete_contents_on_destroy": false,
            "description": "",
            "effective_labels": {
              "env": "production",
              "goog-terraform-provisioned": "true",
              "managedby": "terraform"
            },
            "etag": "PiEGZxLbySdJAva+/qFl+Q==",
            "external_dataset_reference": [],
            "friendly_name": "",
            "id": "projects/lambda-architeture-on-gcp/datasets/tbforn",
            "is_case_insensitive": false,
            "labels": {
              "env": "production",
              "managedby": "terraform"
            },
            "last_modified_time": -1244363409,
            "location": "US",
            "max_time_travel_hours": "168",
            "project": "lambda-architeture-on-gcp",
            "resource_tags": {},
            "self_link": "https://bigquery.googleapis.com/bigquery/v2/projects/lambda-architeture-on-gcp/datasets/tbforn",
            "storage_billing_model": "",
            "terraform_labels": {
              "env": "production",
              "goog-terraform-provisioned": "true",
              "managedby": "terraform"
            },
            "timeouts": null
          },
          "sensitive_attributes": [],
          "private": "eyJlMmJmYjczMC1lY2FhLTExZTYtOGY4OC0zNDM2M2JjN2M0YzAiOnsiY3JlYXRlIjoxMjAwMDAwMDAwMDAwLCJkZWxldGUiOjEyMDAwMDAwMDAwMDAsInVwZGF0ZSI6MTIwMDAwMDAwMDAwMH19"
        },
        {
          "index_key": "tblogpdv",
          "schema_version": 0,
          "attributes": {
            "access": [
              {
                "condition": [],
                "dataset": [],
                "domain": "",
                "group_by_email": "",
                "iam_member": "",
                "role": "OWNER",
                "routine": [],
                "special_group": "",
                "user_by_email": "management-zegordo-sa@lambda-architeture-on-gcp.iam.gserviceaccount.com",
                "view": []
              },
              {
                "condition": [],
                "dataset": [],
                "domain": "",
                "group_by_email": "",
                "iam_member": "",
                "role": "OWNER",
                "routine": [],
                "special_group": "projectOwners",
                "user_by_email": "",
                "view": []
              },
              {
                "condition": [],
                "dataset": [],
                "domain": "",
                "group_by_email": "",
                "iam_member": "",
                "role": "READER",
                "routine": [],
                "special_group": "projectReaders",
                "user_by_email": "",
                "view": []
              },
              {
                "condition": [],
                "dataset": [],
                "domain": "",
                "group_by_email": "",
                "iam_member": "",
                "role": "WRITER",
                "routine": [],
                "special_group": "projectWriters",
                "user_by_email": "",
                "view": []
              }
            ],
            "creation_time": -1244363409,
            "dataset_id": "tblogpdv",
            "default_collation": "",
            "default_encryption_configuration": [],
            "default_partition_expiration_ms": 0,
            "default_table_expiration_ms": 0,
            "delete_contents_on_destroy": false,
            "description": "",
            "effective_labels": {
              "env": "production",
              "goog-terraform-provisioned": "true",
              "managedby": "terraform"
            },
            "etag": "V1+sQ2XTFFnAXsbwTgQDEw==",
            "external_dataset_reference": [],
            "friendly_name": "",
            "id": "projects/lambda-architeture-on-gcp/datasets/tblogpdv",
            "is_case_insensitive": false,
            "labels": {
              "env": "production",
              "managedby": "terraform"
            },
            "last_modified_time": -1244363409,
            "location": "US",
            "max_time_travel_hours": "168",
            "project": "lambda-architeture-on-gcp",
            "resource_tags": {},
            "self_link": "https://bigquery.googleapis.com/bigquery/v2/projects/lambda-architeture-on-gcp/datasets/tblogpdv",
            "storage_billing_model": "",
            "terraform_labels": {
              "env": "production",
              "goog-terraform-provisioned": "true",
              "managedby": "terraform"
            },
            "timeouts": null
          },
          "sensitive_attributes": [],
          "private": "eyJlMmJmYjczMC1lY2FhLTExZTYtOGY4OC0zNDM2M2JjN2M0YzAiOnsiY3JlYXRlIjoxMjAwMDAwMDAwMDAwLCJkZWxldGUiOjEyMDAwMDAwMDAwMDAsInVwZGF0ZSI6MTIwMDAwMDAwMDAwMH19"
        },
        {
          "index_key": "tbmercadorias",
          "schema_version": 0,
          "attributes": {
            "access": [
              {
                "condition": [],
                "dataset": [],
                "domain": "",
                "group_by_email": "",
                "iam_member": "",
                "role": "OWNER",
                "routine": [],
                "special_group": "",
                "user_by_email": "management-zegordo-sa@lambda-architeture-on-gcp.iam.gserviceaccount.com",
                "view": []
              },
              {
                "condition": [],
                "dataset": [],
                "domain": "",
                "group_by_email": "",
                "iam_member": "",
                "role": "OWNER",
                "routine": [],
                "special_group": "projectOwners",
                "user_by_email": "",
                "view": []
              },
              {
                "condition": [],
                "dataset": [],
                "domain": "",
                "group_by_email": "",
                "iam_member": "",
                "role": "READER",
                "routine": [],
                "special_group": "projectReaders",
                "user_by_email": "",
                "view": []
              },
              {
                "condition": [],
                "dataset": [],
                "domain": "",
                "group_by_email": "",
                "iam_member": "",
                "role": "WRITER",
                "routine": [],
                "special_group": "projectWriters",
                "user_by_email": "",
                "view": []
              }
            ],
            "creation_time": -1244363409,
            "dataset_id": "tbmercadorias",
            "default_collation": "",
            "default_encryption_configuration": [],
            "default_partition_expiration_ms": 0,
            "default_table_expiration_ms": 0,
            "delete_contents_on_destroy": false,
            "description": "",
            "effective_labels": {
              "env": "production",
              "goog-terraform-provisioned": "true",
              "managedby": "terraform"
            },
            "etag": "hQ5Blup/+GjG17b261Wjgw==",
            "external_dataset_reference": [],
            "friendly_name": "",
            "id": "projects/lambda-architeture-on-gcp/datasets/tbmercadorias",
            "is_case_insensitive": false,
            "labels": {
              "env": "production",
              "managedby": "terraform"
            },
            "last_modified_time": -1244363409,
            "location": "US",
            "max_time_travel_hours": "168",
            "project": "lambda-architeture-on-gcp",
            "resource_tags": {},
            "self_link": "https://bigquery.googleapis.com/bigquery/v2/projects/lambda-architeture-on-gcp/datasets/tbmercadorias",
            "storage_billing_model": "",
            "terraform_labels": {
              "env": "production",
              "goog-terraform-provisioned": "true",
              "managedby": "terraform"
            },
            "timeouts": null
          },
          "sensitive_attributes": [],
          "private": "eyJlMmJmYjczMC1lY2FhLTExZTYtOGY4OC0zNDM2M2JjN2M0YzAiOnsiY3JlYXRlIjoxMjAwMDAwMDAwMDAwLCJkZWxldGUiOjEyMDAwMDAwMDAwMDAsInVwZGF0ZSI6MTIwMDAwMDAwMDAwMH19"
        },
        {
          "index_key": "tbprodutos",
          "schema_version": 0,
          "attributes": {
            "access": [
              {
                "condition": [],
                "dataset": [],
                "domain": "",
                "group_by_email": "",
                "iam_member": "",
                "role": "OWNER",
                "routine": [],
                "special_group": "",
                "user_by_email": "management-zegordo-sa@lambda-architeture-on-gcp.iam.gserviceaccount.com",
                "view": []
              },
              {
                "condition": [],
                "dataset": [],
                "domain": "",
                "group_by_email": "",
                "iam_member": "",
                "role": "OWNER",
                "routine": [],
                "special_group": "projectOwners",
                "user_by_email": "",
                "view": []
              },
              {
                "condition": [],
                "dataset": [],
                "domain": "",
                "group_by_email": "",
                "iam_member": "",
                "role": "READER",
                "routine": [],
                "special_group": "projectReaders",
                "user_by_email": "",
                "view": []
              },
              {
                "condition": [],
                "dataset": [],
                "domain": "",
                "group_by_email": "",
                "iam_member": "",
                "role": "WRITER",
                "routine": [],
                "special_group": "projectWriters",
                "user_by_email": "",
                "view": []
              }
            ],
            "creation_time": -1244363412,
            "dataset_id": "tbprodutos",
            "default_collation": "",
            "default_encryption_configuration": [],
            "default_partition_expiration_ms": 0,
            "default_table_expiration_ms": 0,
            "delete_contents_on_destroy": false,
            "description": "",
            "effective_labels": {
              "env": "production",
              "goog-terraform-provisioned": "true",
              "managedby": "terraform"
            },
            "etag": "95eC1Nj0qCQRmZN47ptewA==",
            "external_dataset_reference": [],
            "friendly_name": "",
            "id": "projects/lambda-architeture-on-gcp/datasets/tbprodutos",
            "is_case_insensitive": false,
            "labels": {
              "env": "production",
              "managedby": "terraform"
            },
            "last_modified_time": -1244363412,
            "location": "US",
            "max_time_travel_hours": "168",
            "project": "lambda-architeture-on-gcp",
            "resource_tags": {},
            "self_link": "https://bigquery.googleapis.com/bigquery/v2/projects/lambda-architeture-on-gcp/datasets/tbprodutos",
            "storage_billing_model": "",
            "terraform_labels": {
              "env": "production",
              "goog-terraform-provisioned": "true",
              "managedby": "terraform"
            },
            "timeouts": null
          },
          "sensitive_attributes": [],
          "private": "eyJlMmJmYjczMC1lY2FhLTExZTYtOGY4OC0zNDM2M2JjN2M0YzAiOnsiY3JlYXRlIjoxMjAwMDAwMDAwMDAwLCJkZWxldGUiOjEyMDAwMDAwMDAwMDAsInVwZGF0ZSI6MTIwMDAwMDAwMDAwMH19"
        },
        {
          "index_key": "tbtributacao",
          "schema_version": 0,
          "attributes": {
            "access": [
              {
                "condition": [],
                "dataset": [],
                "domain": "",
                "group_by_email": "",
                "iam_member": "",
                "role": "OWNER",
                "routine": [],
                "special_group": "",
                "user_by_email": "management-zegordo-sa@lambda-architeture-on-gcp.iam.gserviceaccount.com",
                "view": []
              },
              {
                "condition": [],
                "dataset": [],
                "domain": "",
                "group_by_email": "",
                "iam_member": "",
                "role": "OWNER",
                "routine": [],
                "special_group": "projectOwners",
                "user_by_email": "",
                "view": []
              },
              {
                "condition": [],
                "dataset": [],
                "domain": "",
                "group_by_email": "",
                "iam_member": "",
                "role": "READER",
                "routine": [],
                "special_group": "projectReaders",
                "user_by_email": "",
                "view": []
              },
              {
                "condition": [],
                "dataset": [],
                "domain": "",
                "group_by_email": "",
                "iam_member": "",
                "role": "WRITER",
                "routine": [],
                "special_group": "projectWriters",
                "user_by_email": "",
                "view": []
              }
            ],
            "creation_time": -1244363409,
            "dataset_id": "tbtributacao",
            "default_collation": "",
            "default_encryption_configuration": [],
            "default_partition_expiration_ms": 0,
            "default_table_expiration_ms": 0,
            "delete_contents_on_destroy": false,
            "description": "",
            "effective_labels": {
              "env": "production",
              "goog-terraform-provisioned": "true",
              "managedby": "terraform"
            },
            "etag": "4/nbWvHNTThhEqsCB2HCeg==",
            "external_dataset_reference": [],
            "friendly_name": "",
            "id": "projects/lambda-architeture-on-gcp/datasets/tbtributacao",
            "is_case_insensitive": false,
            "labels": {
              "env": "production",
              "managedby": "terraform"
            },
            "last_modified_time": -1244363409,
            "location": "US",
            "max_time_travel_hours": "168",
            "project": "lambda-architeture-on-gcp",
            "resource_tags": {},
            "self_link": "https://bigquery.googleapis.com/bigquery/v2/projects/lambda-architeture-on-gcp/datasets/tbtributacao",
            "storage_billing_model": "",
            "terraform_labels": {
              "env": "production",
              "goog-terraform-provisioned": "true",
              "managedby": "terraform"
            },
            "timeouts": null
          },
          "sensitive_attributes": [],
          "private": "eyJlMmJmYjczMC1lY2FhLTExZTYtOGY4OC0zNDM2M2JjN2M0YzAiOnsiY3JlYXRlIjoxMjAwMDAwMDAwMDAwLCJkZWxldGUiOjEyMDAwMDAwMDAwMDAsInVwZGF0ZSI6MTIwMDAwMDAwMDAwMH19"
        },
        {
          "index_key": "tbvendas",
          "schema_version": 0,
          "attributes": {
            "access": [
              {
                "condition": [],
                "dataset": [],
                "domain": "",
                "group_by_email": "",
                "iam_member": "",
                "role": "OWNER",
                "routine": [],
                "special_group": "",
                "user_by_email": "management-zegordo-sa@lambda-architeture-on-gcp.iam.gserviceaccount.com",
                "view": []
              },
              {
                "condition": [],
                "dataset": [],
                "domain": "",
                "group_by_email": "",
                "iam_member": "",
                "role": "OWNER",
                "routine": [],
                "special_group": "projectOwners",
                "user_by_email": "",
                "view": []
              },
              {
                "condition": [],
                "dataset": [],
                "domain": "",
                "group_by_email": "",
                "iam_member": "",
                "role": "READER",
                "routine": [],
                "special_group": "projectReaders",
                "user_by_email": "",
                "view": []
              },
              {
                "condition": [],
                "dataset": [],
                "domain": "",
                "group_by_email": "",
                "iam_member": "",
                "role": "WRITER",
                "routine": [],
                "special_group": "projectWriters",
                "user_by_email": "",
                "view": []
              }
            ],
            "creation_time": -1244363413,
            "dataset_id": "tbvendas",
            "default_collation": "",
            "default_encryption_configuration": [],
            "default_partition_expiration_ms": 0,
            "default_table_expiration_ms": 0,
            "delete_contents_on_destroy": false,
            "description": "",
            "effective_labels": {
              "env": "production",
              "goog-terraform-provisioned": "true",
              "managedby": "terraform"
            },
            "etag": "xVwN5oXh6QB0SYnyW8addg==",
            "external_dataset_reference": [],
            "friendly_name": "",
            "id": "projects/lambda-architeture-on-gcp/datasets/tbvendas",
            "is_case_insensitive": false,
            "labels": {
              "env": "production",
              "managedby": "terraform"
            },
            "last_modified_time": -1244363413,
            "location": "US",
            "max_time_travel_hours": "168",
            "project": "lambda-architeture-on-gcp",
            "resource_tags": {},
            "self_link": "https://bigquery.googleapis.com/bigquery/v2/projects/lambda-architeture-on-gcp/datasets/tbvendas",
            "storage_billing_model": "",
            "terraform_labels": {
              "env": "production",
              "goog-terraform-provisioned": "true",
              "managedby": "terraform"
            },
            "timeouts": null
          },
          "sensitive_attributes": [],
          "private": "eyJlMmJmYjczMC1lY2FhLTExZTYtOGY4OC0zNDM2M2JjN2M0YzAiOnsiY3JlYXRlIjoxMjAwMDAwMDAwMDAwLCJkZWxldGUiOjEyMDAwMDAwMDAwMDAsInVwZGF0ZSI6MTIwMDAwMDAwMDAwMH19"
        },
        {
          "index_key": "tbvendasbk",
          "schema_version": 0,
          "attributes": {
            "access": [
              {
                "condition": [],
                "dataset": [],
                "domain": "",
                "group_by_email": "",
                "iam_member": "",
                "role": "OWNER",
                "routine": [],
                "special_group": "",
                "user_by_email": "management-zegordo-sa@lambda-architeture-on-gcp.iam.gserviceaccount.com",
                "view": []
              },
              {
                "condition": [],
                "dataset": [],
                "domain": "",
                "group_by_email": "",
                "iam_member": "",
                "role": "OWNER",
                "routine": [],
                "special_group": "projectOwners",
                "user_by_email": "",
                "view": []
              },
              {
                "condition": [],
                "dataset": [],
                "domain": "",
                "group_by_email": "",
                "iam_member": "",
                "role": "READER",
                "routine": [],
                "special_group": "projectReaders",
                "user_by_email": "",
                "view": []
              },
              {
                "condition": [],
                "dataset": [],
                "domain": "",
                "group_by_email": "",
                "iam_member": "",
                "role": "WRITER",
                "routine": [],
                "special_group": "projectWriters",
                "user_by_email": "",
                "view": []
              }
            ],
            "creation_time": -1244363359,
            "dataset_id": "tbvendasbk",
            "default_collation": "",
            "default_encryption_configuration": [],
            "default_partition_expiration_ms": 0,
            "default_table_expiration_ms": 0,
            "delete_contents_on_destroy": false,
            "description": "",
            "effective_labels": {
              "env": "production",
              "goog-terraform-provisioned": "true",
              "managedby": "terraform"
            },
            "etag": "dcJbGs0w60Got6jDDXtX0w==",
            "external_dataset_reference": [],
            "friendly_name": "",
            "id": "projects/lambda-architeture-on-gcp/datasets/tbvendasbk",
            "is_case_insensitive": false,
            "labels": {
              "env": "production",
              "managedby": "terraform"
            },
            "last_modified_time": -1244363359,
            "location": "US",
            "max_time_travel_hours": "168",
            "project": "lambda-architeture-on-gcp",
            "resource_tags": {},
            "self_link": "https://bigquery.googleapis.com/bigquery/v2/projects/lambda-architeture-on-gcp/datasets/tbvendasbk",
            "storage_billing_model": "",
            "terraform_labels": {
              "env": "production",
              "goog-terraform-provisioned": "true",
              "managedby": "terraform"
            },
            "timeouts": null
          },
          "sensitive_attributes": [],
          "private": "eyJlMmJmYjczMC1lY2FhLTExZTYtOGY4OC0zNDM2M2JjN2M0YzAiOnsiY3JlYXRlIjoxMjAwMDAwMDAwMDAwLCJkZWxldGUiOjEyMDAwMDAwMDAwMDAsInVwZGF0ZSI6MTIwMDAwMDAwMDAwMH19"
        },
        {
          "index_key": "tbvendasdet",
          "schema_version": 0,
          "attributes": {
            "access": [
              {
                "condition": [],
                "dataset": [],
                "domain": "",
                "group_by_email": "",
                "iam_member": "",
                "role": "OWNER",
                "routine": [],
                "special_group": "",
                "user_by_email": "management-zegordo-sa@lambda-architeture-on-gcp.iam.gserviceaccount.com",
                "view": []
              },
              {
                "condition": [],
                "dataset": [],
                "domain": "",
                "group_by_email": "",
                "iam_member": "",
                "role": "OWNER",
                "routine": [],
                "special_group": "projectOwners",
                "user_by_email": "",
                "view": []
              },
              {
                "condition": [],
                "dataset": [],
                "domain": "",
                "group_by_email": "",
                "iam_member": "",
                "role": "READER",
                "routine": [],
                "special_group": "projectReaders",
                "user_by_email": "",
                "view": []
              },
              {
                "condition": [],
                "dataset": [],
                "domain": "",
                "group_by_email": "",
                "iam_member": "",
                "role": "WRITER",
                "routine": [],
                "special_group": "projectWriters",
                "user_by_email": "",
                "view": []
              }
            ],
            "creation_time": -1244363411,
            "dataset_id": "tbvendasdet",
            "default_collation": "",
            "default_encryption_configuration": [],
            "default_partition_expiration_ms": 0,
            "default_table_expiration_ms": 0,
            "delete_contents_on_destroy": false,
            "description": "",
            "effective_labels": {
              "env": "production",
              "goog-terraform-provisioned": "true",
              "managedby": "terraform"
            },
            "etag": "djFnw2YDD5H1wxLsjKhI8g==",
            "external_dataset_reference": [],
            "friendly_name": "",
            "id": "projects/lambda-architeture-on-gcp/datasets/tbvendasdet",
            "is_case_insensitive": false,
            "labels": {
              "env": "production",
              "managedby": "terraform"
            },
            "last_modified_time": -1244363411,
            "location": "US",
            "max_time_travel_hours": "168",
            "project": "lambda-architeture-on-gcp",
            "resource_tags": {},
            "self_link": "https://bigquery.googleapis.com/bigquery/v2/projects/lambda-architeture-on-gcp/datasets/tbvendasdet",
            "storage_billing_model": "",
            "terraform_labels": {
              "env": "production",
              "goog-terraform-provisioned": "true",
              "managedby": "terraform"
            },
            "timeouts": null
          },
          "sensitive_attributes": [],
          "private": "eyJlMmJmYjczMC1lY2FhLTExZTYtOGY4OC0zNDM2M2JjN2M0YzAiOnsiY3JlYXRlIjoxMjAwMDAwMDAwMDAwLCJkZWxldGUiOjEyMDAwMDAwMDAwMDAsInVwZGF0ZSI6MTIwMDAwMDAwMDAwMH19"
        },
        {
          "index_key": "tbvendaspag",
          "schema_version": 0,
          "attributes": {
            "access": [
              {
                "condition": [],
                "dataset": [],
                "domain": "",
                "group_by_email": "",
                "iam_member": "",
                "role": "OWNER",
                "routine": [],
                "special_group": "",
                "user_by_email": "management-zegordo-sa@lambda-architeture-on-gcp.iam.gserviceaccount.com",
                "view": []
              },
              {
                "condition": [],
                "dataset": [],
                "domain": "",
                "group_by_email": "",
                "iam_member": "",
                "role": "OWNER",
                "routine": [],
                "special_group": "projectOwners",
                "user_by_email": "",
                "view": []
              },
              {
                "condition": [],
                "dataset": [],
                "domain": "",
                "group_by_email": "",
                "iam_member": "",
                "role": "READER",
                "routine": [],
                "special_group": "projectReaders",
                "user_by_email": "",
                "view": []
              },
              {
                "condition": [],
                "dataset": [],
                "domain": "",
                "group_by_email": "",
                "iam_member": "",
                "role": "WRITER",
                "routine": [],
                "special_group": "projectWriters",
                "user_by_email": "",
                "view": []
              }
            ],
            "creation_time": -1244363411,
            "dataset_id": "tbvendaspag",
            "default_collation": "",
            "default_encryption_configuration": [],
            "default_partition_expiration_ms": 0,
            "default_table_expiration_ms": 0,
            "delete_contents_on_destroy": false,
            "description": "",
            "effective_labels": {
              "env": "production",
              "goog-terraform-provisioned": "true",
              "managedby": "terraform"
            },
            "etag": "JmXY5LFzx5sDvHhWNQhXJw==",
            "external_dataset_reference": [],
            "friendly_name": "",
            "id": "projects/lambda-architeture-on-gcp/datasets/tbvendaspag",
            "is_case_insensitive": false,
            "labels": {
              "env": "production",
              "managedby": "terraform"
            },
            "last_modified_time": -1244363411,
            "location": "US",
            "max_time_travel_hours": "168",
            "project": "lambda-architeture-on-gcp",
            "resource_tags": {},
            "self_link": "https://bigquery.googleapis.com/bigquery/v2/projects/lambda-architeture-on-gcp/datasets/tbvendaspag",
            "storage_billing_model": "",
            "terraform_labels": {
              "env": "production",
              "goog-terraform-provisioned": "true",
              "managedby": "terraform"
            },
            "timeouts": null
          },
          "sensitive_attributes": [],
          "private": "eyJlMmJmYjczMC1lY2FhLTExZTYtOGY4OC0zNDM2M2JjN2M0YzAiOnsiY3JlYXRlIjoxMjAwMDAwMDAwMDAwLCJkZWxldGUiOjEyMDAwMDAwMDAwMDAsInVwZGF0ZSI6MTIwMDAwMDAwMDAwMH19"
        }
      ]
    }
  ],
  "check_results": null
}
