{
  "version": 4,
  "terraform_version": "1.11.2",
  "serial": 52,
  "lineage": "f9091e05-0dad-5fdd-a238-f1fd57ec904e",
  "outputs": {},
  "resources": [
    {
      "mode": "managed",
      "type": "google_bigquery_dataset",
      "name": "creation_bigquery_dataset",
      "provider": "provider[\"registry.terraform.io/hashicorp/google\"]",
      "instances": [
        {
          "index_key": "tbentradasdet",
          "schema_version": 0,
          "attributes": {
            "access": [
              {
                "condition": [],
                "dataset": [],
                "domain": "",
                "group_by_email": "",
                "iam_member": "",
                "role": "OWNER",
                "routine": [],
                "special_group": "",
                "user_by_email": "management-zegordo-sa@lambda-architeture-on-gcp.iam.gserviceaccount.com",
                "view": []
              },
              {
                "condition": [],
                "dataset": [],
                "domain": "",
                "group_by_email": "",
                "iam_member": "",
                "role": "OWNER",
                "routine": [],
                "special_group": "projectOwners",
                "user_by_email": "",
                "view": []
              },
              {
                "condition": [],
                "dataset": [],
                "domain": "",
                "group_by_email": "",
                "iam_member": "",
                "role": "READER",
                "routine": [],
                "special_group": "projectReaders",
                "user_by_email": "",
                "view": []
              },
              {
                "condition": [],
                "dataset": [],
                "domain": "",
                "group_by_email": "",
                "iam_member": "",
                "role": "WRITER",
                "routine": [],
                "special_group": "projectWriters",
                "user_by_email": "",
                "view": []
              }
            ],
            "creation_time": -1092664414,
            "dataset_id": "tbentradasdet",
            "default_collation": "",
            "default_encryption_configuration": [],
            "default_partition_expiration_ms": 0,
            "default_table_expiration_ms": 0,
            "delete_contents_on_destroy": false,
            "description": "",
            "effective_labels": {
              "env": "production",
              "goog-terraform-provisioned": "true",
              "managedby": "terraform"
            },
            "etag": "BNSfLhhO0/w0IhpXypW/mA==",
            "external_dataset_reference": [],
            "friendly_name": "",
            "id": "projects/lambda-architeture-on-gcp/datasets/tbentradasdet",
            "is_case_insensitive": false,
            "labels": {
              "env": "production",
              "managedby": "terraform"
            },
            "last_modified_time": -1092664414,
            "location": "US",
            "max_time_travel_hours": "168",
            "project": "lambda-architeture-on-gcp",
            "resource_tags": null,
            "self_link": "https://bigquery.googleapis.com/bigquery/v2/projects/lambda-architeture-on-gcp/datasets/tbentradasdet",
            "storage_billing_model": "",
            "terraform_labels": {
              "env": "production",
              "goog-terraform-provisioned": "true",
              "managedby": "terraform"
            },
            "timeouts": null
          },
          "sensitive_attributes": [],
          "private": "eyJlMmJmYjczMC1lY2FhLTExZTYtOGY4OC0zNDM2M2JjN2M0YzAiOnsiY3JlYXRlIjoxMjAwMDAwMDAwMDAwLCJkZWxldGUiOjEyMDAwMDAwMDAwMDAsInVwZGF0ZSI6MTIwMDAwMDAwMDAwMH19"
        },
        {
          "index_key": "tbestoquesdet",
          "schema_version": 0,
          "attributes": {
            "access": [
              {
                "condition": [],
                "dataset": [],
                "domain": "",
                "group_by_email": "",
                "iam_member": "",
                "role": "OWNER",
                "routine": [],
                "special_group": "",
                "user_by_email": "management-zegordo-sa@lambda-architeture-on-gcp.iam.gserviceaccount.com",
                "view": []
              },
              {
                "condition": [],
                "dataset": [],
                "domain": "",
                "group_by_email": "",
                "iam_member": "",
                "role": "OWNER",
                "routine": [],
                "special_group": "projectOwners",
                "user_by_email": "",
                "view": []
              },
              {
                "condition": [],
                "dataset": [],
                "domain": "",
                "group_by_email": "",
                "iam_member": "",
                "role": "READER",
                "routine": [],
                "special_group": "projectReaders",
                "user_by_email": "",
                "view": []
              },
              {
                "condition": [],
                "dataset": [],
                "domain": "",
                "group_by_email": "",
                "iam_member": "",
                "role": "WRITER",
                "routine": [],
                "special_group": "projectWriters",
                "user_by_email": "",
                "view": []
              }
            ],
            "creation_time": -1244363410,
            "dataset_id": "tbestoquesdet",
            "default_collation": "",
            "default_encryption_configuration": [],
            "default_partition_expiration_ms": 0,
            "default_table_expiration_ms": 0,
            "delete_contents_on_destroy": false,
            "description": "",
            "effective_labels": {
              "env": "production",
              "goog-terraform-provisioned": "true",
              "managedby": "terraform"
            },
            "etag": "/2wxDWl2Cdy5Qn8iZ4aS2g==",
            "external_dataset_reference": [],
            "friendly_name": "",
            "id": "projects/lambda-architeture-on-gcp/datasets/tbestoquesdet",
            "is_case_insensitive": false,
            "labels": {
              "env": "production",
              "managedby": "terraform"
            },
            "last_modified_time": -1244363410,
            "location": "US",
            "max_time_travel_hours": "168",
            "project": "lambda-architeture-on-gcp",
            "resource_tags": {},
            "self_link": "https://bigquery.googleapis.com/bigquery/v2/projects/lambda-architeture-on-gcp/datasets/tbestoquesdet",
            "storage_billing_model": "",
            "terraform_labels": {
              "env": "production",
              "goog-terraform-provisioned": "true",
              "managedby": "terraform"
            },
            "timeouts": null
          },
          "sensitive_attributes": [],
          "private": "eyJlMmJmYjczMC1lY2FhLTExZTYtOGY4OC0zNDM2M2JjN2M0YzAiOnsiY3JlYXRlIjoxMjAwMDAwMDAwMDAwLCJkZWxldGUiOjEyMDAwMDAwMDAwMDAsInVwZGF0ZSI6MTIwMDAwMDAwMDAwMH19"
        },
        {
          "index_key": "tbforn",
          "schema_version": 0,
          "attributes": {
            "access": [
              {
                "condition": [],
                "dataset": [],
                "domain": "",
                "group_by_email": "",
                "iam_member": "",
                "role": "OWNER",
                "routine": [],
                "special_group": "",
                "user_by_email": "management-zegordo-sa@lambda-architeture-on-gcp.iam.gserviceaccount.com",
                "view": []
              },
              {
                "condition": [],
                "dataset": [],
                "domain": "",
                "group_by_email": "",
                "iam_member": "",
                "role": "OWNER",
                "routine": [],
                "special_group": "projectOwners",
                "user_by_email": "",
                "view": []
              },
              {
                "condition": [],
                "dataset": [],
                "domain": "",
                "group_by_email": "",
                "iam_member": "",
                "role": "READER",
                "routine": [],
                "special_group": "projectReaders",
                "user_by_email": "",
                "view": []
              },
              {
                "condition": [],
                "dataset": [],
                "domain": "",
                "group_by_email": "",
                "iam_member": "",
                "role": "WRITER",
                "routine": [],
                "special_group": "projectWriters",
                "user_by_email": "",
                "view": []
              }
            ],
            "creation_time": -1244363409,
            "dataset_id": "tbforn",
            "default_collation": "",
            "default_encryption_configuration": [],
            "default_partition_expiration_ms": 0,
            "default_table_expiration_ms": 0,
            "delete_contents_on_destroy": false,
            "description": "",
            "effective_labels": {
              "env": "production",
              "goog-terraform-provisioned": "true",
              "managedby": "terraform"
            },
            "etag": "PiEGZxLbySdJAva+/qFl+Q==",
            "external_dataset_reference": [],
            "friendly_name": "",
            "id": "projects/lambda-architeture-on-gcp/datasets/tbforn",
            "is_case_insensitive": false,
            "labels": {
              "env": "production",
              "managedby": "terraform"
            },
            "last_modified_time": -1244363409,
            "location": "US",
            "max_time_travel_hours": "168",
            "project": "lambda-architeture-on-gcp",
            "resource_tags": {},
            "self_link": "https://bigquery.googleapis.com/bigquery/v2/projects/lambda-architeture-on-gcp/datasets/tbforn",
            "storage_billing_model": "",
            "terraform_labels": {
              "env": "production",
              "goog-terraform-provisioned": "true",
              "managedby": "terraform"
            },
            "timeouts": null
          },
          "sensitive_attributes": [],
          "private": "eyJlMmJmYjczMC1lY2FhLTExZTYtOGY4OC0zNDM2M2JjN2M0YzAiOnsiY3JlYXRlIjoxMjAwMDAwMDAwMDAwLCJkZWxldGUiOjEyMDAwMDAwMDAwMDAsInVwZGF0ZSI6MTIwMDAwMDAwMDAwMH19"
        },
        {
          "index_key": "tblogpdv",
          "schema_version": 0,
          "attributes": {
            "access": [
              {
                "condition": [],
                "dataset": [],
                "domain": "",
                "group_by_email": "",
                "iam_member": "",
                "role": "OWNER",
                "routine": [],
                "special_group": "",
                "user_by_email": "management-zegordo-sa@lambda-architeture-on-gcp.iam.gserviceaccount.com",
                "view": []
              },
              {
                "condition": [],
                "dataset": [],
                "domain": "",
                "group_by_email": "",
                "iam_member": "",
                "role": "OWNER",
                "routine": [],
                "special_group": "projectOwners",
                "user_by_email": "",
                "view": []
              },
              {
                "condition": [],
                "dataset": [],
                "domain": "",
                "group_by_email": "",
                "iam_member": "",
                "role": "READER",
                "routine": [],
                "special_group": "projectReaders",
                "user_by_email": "",
                "view": []
              },
              {
                "condition": [],
                "dataset": [],
                "domain": "",
                "group_by_email": "",
                "iam_member": "",
                "role": "WRITER",
                "routine": [],
                "special_group": "projectWriters",
                "user_by_email": "",
                "view": []
              }
            ],
            "creation_time": -1244363409,
            "dataset_id": "tblogpdv",
            "default_collation": "",
            "default_encryption_configuration": [],
            "default_partition_expiration_ms": 0,
            "default_table_expiration_ms": 0,
            "delete_contents_on_destroy": false,
            "description": "",
            "effective_labels": {
              "env": "production",
              "goog-terraform-provisioned": "true",
              "managedby": "terraform"
            },
            "etag": "V1+sQ2XTFFnAXsbwTgQDEw==",
            "external_dataset_reference": [],
            "friendly_name": "",
            "id": "projects/lambda-architeture-on-gcp/datasets/tblogpdv",
            "is_case_insensitive": false,
            "labels": {
              "env": "production",
              "managedby": "terraform"
            },
            "last_modified_time": -1244363409,
            "location": "US",
            "max_time_travel_hours": "168",
            "project": "lambda-architeture-on-gcp",
            "resource_tags": {},
            "self_link": "https://bigquery.googleapis.com/bigquery/v2/projects/lambda-architeture-on-gcp/datasets/tblogpdv",
            "storage_billing_model": "",
            "terraform_labels": {
              "env": "production",
              "goog-terraform-provisioned": "true",
              "managedby": "terraform"
            },
            "timeouts": null
          },
          "sensitive_attributes": [],
          "private": "eyJlMmJmYjczMC1lY2FhLTExZTYtOGY4OC0zNDM2M2JjN2M0YzAiOnsiY3JlYXRlIjoxMjAwMDAwMDAwMDAwLCJkZWxldGUiOjEyMDAwMDAwMDAwMDAsInVwZGF0ZSI6MTIwMDAwMDAwMDAwMH19"
        },
        {
          "index_key": "tbmercadorias",
          "schema_version": 0,
          "attributes": {
            "access": [
              {
                "condition": [],
                "dataset": [],
                "domain": "",
                "group_by_email": "",
                "iam_member": "",
                "role": "OWNER",
                "routine": [],
                "special_group": "",
                "user_by_email": "management-zegordo-sa@lambda-architeture-on-gcp.iam.gserviceaccount.com",
                "view": []
              },
              {
                "condition": [],
                "dataset": [],
                "domain": "",
                "group_by_email": "",
                "iam_member": "",
                "role": "OWNER",
                "routine": [],
                "special_group": "projectOwners",
                "user_by_email": "",
                "view": []
              },
              {
                "condition": [],
                "dataset": [],
                "domain": "",
                "group_by_email": "",
                "iam_member": "",
                "role": "READER",
                "routine": [],
                "special_group": "projectReaders",
                "user_by_email": "",
                "view": []
              },
              {
                "condition": [],
                "dataset": [],
                "domain": "",
                "group_by_email": "",
                "iam_member": "",
                "role": "WRITER",
                "routine": [],
                "special_group": "projectWriters",
                "user_by_email": "",
                "view": []
              }
            ],
            "creation_time": -1244363409,
            "dataset_id": "tbmercadorias",
            "default_collation": "",
            "default_encryption_configuration": [],
            "default_partition_expiration_ms": 0,
            "default_table_expiration_ms": 0,
            "delete_contents_on_destroy": false,
            "description": "",
            "effective_labels": {
              "env": "production",
              "goog-terraform-provisioned": "true",
              "managedby": "terraform"
            },
            "etag": "hQ5Blup/+GjG17b261Wjgw==",
            "external_dataset_reference": [],
            "friendly_name": "",
            "id": "projects/lambda-architeture-on-gcp/datasets/tbmercadorias",
            "is_case_insensitive": false,
            "labels": {
              "env": "production",
              "managedby": "terraform"
            },
            "last_modified_time": -1244363409,
            "location": "US",
            "max_time_travel_hours": "168",
            "project": "lambda-architeture-on-gcp",
            "resource_tags": {},
            "self_link": "https://bigquery.googleapis.com/bigquery/v2/projects/lambda-architeture-on-gcp/datasets/tbmercadorias",
            "storage_billing_model": "",
            "terraform_labels": {
              "env": "production",
              "goog-terraform-provisioned": "true",
              "managedby": "terraform"
            },
            "timeouts": null
          },
          "sensitive_attributes": [],
          "private": "eyJlMmJmYjczMC1lY2FhLTExZTYtOGY4OC0zNDM2M2JjN2M0YzAiOnsiY3JlYXRlIjoxMjAwMDAwMDAwMDAwLCJkZWxldGUiOjEyMDAwMDAwMDAwMDAsInVwZGF0ZSI6MTIwMDAwMDAwMDAwMH19"
        },
        {
          "index_key": "tbprodutos",
          "schema_version": 0,
          "attributes": {
            "access": [
              {
                "condition": [],
                "dataset": [],
                "domain": "",
                "group_by_email": "",
                "iam_member": "",
                "role": "OWNER",
                "routine": [],
                "special_group": "",
                "user_by_email": "management-zegordo-sa@lambda-architeture-on-gcp.iam.gserviceaccount.com",
                "view": []
              },
              {
                "condition": [],
                "dataset": [],
                "domain": "",
                "group_by_email": "",
                "iam_member": "",
                "role": "OWNER",
                "routine": [],
                "special_group": "projectOwners",
                "user_by_email": "",
                "view": []
              },
              {
                "condition": [],
                "dataset": [],
                "domain": "",
                "group_by_email": "",
                "iam_member": "",
                "role": "READER",
                "routine": [],
                "special_group": "projectReaders",
                "user_by_email": "",
                "view": []
              },
              {
                "condition": [],
                "dataset": [],
                "domain": "",
                "group_by_email": "",
                "iam_member": "",
                "role": "WRITER",
                "routine": [],
                "special_group": "projectWriters",
                "user_by_email": "",
                "view": []
              }
            ],
            "creation_time": -1244363412,
            "dataset_id": "tbprodutos",
            "default_collation": "",
            "default_encryption_configuration": [],
            "default_partition_expiration_ms": 0,
            "default_table_expiration_ms": 0,
            "delete_contents_on_destroy": false,
            "description": "",
            "effective_labels": {
              "env": "production",
              "goog-terraform-provisioned": "true",
              "managedby": "terraform"
            },
            "etag": "95eC1Nj0qCQRmZN47ptewA==",
            "external_dataset_reference": [],
            "friendly_name": "",
            "id": "projects/lambda-architeture-on-gcp/datasets/tbprodutos",
            "is_case_insensitive": false,
            "labels": {
              "env": "production",
              "managedby": "terraform"
            },
            "last_modified_time": -1244363412,
            "location": "US",
            "max_time_travel_hours": "168",
            "project": "lambda-architeture-on-gcp",
            "resource_tags": {},
            "self_link": "https://bigquery.googleapis.com/bigquery/v2/projects/lambda-architeture-on-gcp/datasets/tbprodutos",
            "storage_billing_model": "",
            "terraform_labels": {
              "env": "production",
              "goog-terraform-provisioned": "true",
              "managedby": "terraform"
            },
            "timeouts": null
          },
          "sensitive_attributes": [],
          "private": "eyJlMmJmYjczMC1lY2FhLTExZTYtOGY4OC0zNDM2M2JjN2M0YzAiOnsiY3JlYXRlIjoxMjAwMDAwMDAwMDAwLCJkZWxldGUiOjEyMDAwMDAwMDAwMDAsInVwZGF0ZSI6MTIwMDAwMDAwMDAwMH19"
        },
        {
          "index_key": "tbtributacao",
          "schema_version": 0,
          "attributes": {
            "access": [
              {
                "condition": [],
                "dataset": [],
                "domain": "",
                "group_by_email": "",
                "iam_member": "",
                "role": "OWNER",
                "routine": [],
                "special_group": "",
                "user_by_email": "management-zegordo-sa@lambda-architeture-on-gcp.iam.gserviceaccount.com",
                "view": []
              },
              {
                "condition": [],
                "dataset": [],
                "domain": "",
                "group_by_email": "",
                "iam_member": "",
                "role": "OWNER",
                "routine": [],
                "special_group": "projectOwners",
                "user_by_email": "",
                "view": []
              },
              {
                "condition": [],
                "dataset": [],
                "domain": "",
                "group_by_email": "",
                "iam_member": "",
                "role": "READER",
                "routine": [],
                "special_group": "projectReaders",
                "user_by_email": "",
                "view": []
              },
              {
                "condition": [],
                "dataset": [],
                "domain": "",
                "group_by_email": "",
                "iam_member": "",
                "role": "WRITER",
                "routine": [],
                "special_group": "projectWriters",
                "user_by_email": "",
                "view": []
              }
            ],
            "creation_time": -1244363409,
            "dataset_id": "tbtributacao",
            "default_collation": "",
            "default_encryption_configuration": [],
            "default_partition_expiration_ms": 0,
            "default_table_expiration_ms": 0,
            "delete_contents_on_destroy": false,
            "description": "",
            "effective_labels": {
              "env": "production",
              "goog-terraform-provisioned": "true",
              "managedby": "terraform"
            },
            "etag": "4/nbWvHNTThhEqsCB2HCeg==",
            "external_dataset_reference": [],
            "friendly_name": "",
            "id": "projects/lambda-architeture-on-gcp/datasets/tbtributacao",
            "is_case_insensitive": false,
            "labels": {
              "env": "production",
              "managedby": "terraform"
            },
            "last_modified_time": -1244363409,
            "location": "US",
            "max_time_travel_hours": "168",
            "project": "lambda-architeture-on-gcp",
            "resource_tags": {},
            "self_link": "https://bigquery.googleapis.com/bigquery/v2/projects/lambda-architeture-on-gcp/datasets/tbtributacao",
            "storage_billing_model": "",
            "terraform_labels": {
              "env": "production",
              "goog-terraform-provisioned": "true",
              "managedby": "terraform"
            },
            "timeouts": null
          },
          "sensitive_attributes": [],
          "private": "eyJlMmJmYjczMC1lY2FhLTExZTYtOGY4OC0zNDM2M2JjN2M0YzAiOnsiY3JlYXRlIjoxMjAwMDAwMDAwMDAwLCJkZWxldGUiOjEyMDAwMDAwMDAwMDAsInVwZGF0ZSI6MTIwMDAwMDAwMDAwMH19"
        },
        {
          "index_key": "tbvendas",
          "schema_version": 0,
          "attributes": {
            "access": [
              {
                "condition": [],
                "dataset": [],
                "domain": "",
                "group_by_email": "",
                "iam_member": "",
                "role": "OWNER",
                "routine": [],
                "special_group": "",
                "user_by_email": "management-zegordo-sa@lambda-architeture-on-gcp.iam.gserviceaccount.com",
                "view": []
              },
              {
                "condition": [],
                "dataset": [],
                "domain": "",
                "group_by_email": "",
                "iam_member": "",
                "role": "OWNER",
                "routine": [],
                "special_group": "projectOwners",
                "user_by_email": "",
                "view": []
              },
              {
                "condition": [],
                "dataset": [],
                "domain": "",
                "group_by_email": "",
                "iam_member": "",
                "role": "READER",
                "routine": [],
                "special_group": "projectReaders",
                "user_by_email": "",
                "view": []
              },
              {
                "condition": [],
                "dataset": [],
                "domain": "",
                "group_by_email": "",
                "iam_member": "",
                "role": "WRITER",
                "routine": [],
                "special_group": "projectWriters",
                "user_by_email": "",
                "view": []
              }
            ],
            "creation_time": -1244363413,
            "dataset_id": "tbvendas",
            "default_collation": "",
            "default_encryption_configuration": [],
            "default_partition_expiration_ms": 0,
            "default_table_expiration_ms": 0,
            "delete_contents_on_destroy": false,
            "description": "",
            "effective_labels": {
              "env": "production",
              "goog-terraform-provisioned": "true",
              "managedby": "terraform"
            },
            "etag": "xVwN5oXh6QB0SYnyW8addg==",
            "external_dataset_reference": [],
            "friendly_name": "",
            "id": "projects/lambda-architeture-on-gcp/datasets/tbvendas",
            "is_case_insensitive": false,
            "labels": {
              "env": "production",
              "managedby": "terraform"
            },
            "last_modified_time": -1244363413,
            "location": "US",
            "max_time_travel_hours": "168",
            "project": "lambda-architeture-on-gcp",
            "resource_tags": {},
            "self_link": "https://bigquery.googleapis.com/bigquery/v2/projects/lambda-architeture-on-gcp/datasets/tbvendas",
            "storage_billing_model": "",
            "terraform_labels": {
              "env": "production",
              "goog-terraform-provisioned": "true",
              "managedby": "terraform"
            },
            "timeouts": null
          },
          "sensitive_attributes": [],
          "private": "eyJlMmJmYjczMC1lY2FhLTExZTYtOGY4OC0zNDM2M2JjN2M0YzAiOnsiY3JlYXRlIjoxMjAwMDAwMDAwMDAwLCJkZWxldGUiOjEyMDAwMDAwMDAwMDAsInVwZGF0ZSI6MTIwMDAwMDAwMDAwMH19"
        },
        {
          "index_key": "tbvendasbk",
          "schema_version": 0,
          "attributes": {
            "access": [
              {
                "condition": [],
                "dataset": [],
                "domain": "",
                "group_by_email": "",
                "iam_member": "",
                "role": "OWNER",
                "routine": [],
                "special_group": "",
                "user_by_email": "management-zegordo-sa@lambda-architeture-on-gcp.iam.gserviceaccount.com",
                "view": []
              },
              {
                "condition": [],
                "dataset": [],
                "domain": "",
                "group_by_email": "",
                "iam_member": "",
                "role": "OWNER",
                "routine": [],
                "special_group": "projectOwners",
                "user_by_email": "",
                "view": []
              },
              {
                "condition": [],
                "dataset": [],
                "domain": "",
                "group_by_email": "",
                "iam_member": "",
                "role": "READER",
                "routine": [],
                "special_group": "projectReaders",
                "user_by_email": "",
                "view": []
              },
              {
                "condition": [],
                "dataset": [],
                "domain": "",
                "group_by_email": "",
                "iam_member": "",
                "role": "WRITER",
                "routine": [],
                "special_group": "projectWriters",
                "user_by_email": "",
                "view": []
              }
            ],
            "creation_time": -1244363359,
            "dataset_id": "tbvendasbk",
            "default_collation": "",
            "default_encryption_configuration": [],
            "default_partition_expiration_ms": 0,
            "default_table_expiration_ms": 0,
            "delete_contents_on_destroy": false,
            "description": "",
            "effective_labels": {
              "env": "production",
              "goog-terraform-provisioned": "true",
              "managedby": "terraform"
            },
            "etag": "dcJbGs0w60Got6jDDXtX0w==",
            "external_dataset_reference": [],
            "friendly_name": "",
            "id": "projects/lambda-architeture-on-gcp/datasets/tbvendasbk",
            "is_case_insensitive": false,
            "labels": {
              "env": "production",
              "managedby": "terraform"
            },
            "last_modified_time": -1244363359,
            "location": "US",
            "max_time_travel_hours": "168",
            "project": "lambda-architeture-on-gcp",
            "resource_tags": {},
            "self_link": "https://bigquery.googleapis.com/bigquery/v2/projects/lambda-architeture-on-gcp/datasets/tbvendasbk",
            "storage_billing_model": "",
            "terraform_labels": {
              "env": "production",
              "goog-terraform-provisioned": "true",
              "managedby": "terraform"
            },
            "timeouts": null
          },
          "sensitive_attributes": [],
          "private": "eyJlMmJmYjczMC1lY2FhLTExZTYtOGY4OC0zNDM2M2JjN2M0YzAiOnsiY3JlYXRlIjoxMjAwMDAwMDAwMDAwLCJkZWxldGUiOjEyMDAwMDAwMDAwMDAsInVwZGF0ZSI6MTIwMDAwMDAwMDAwMH19"
        },
        {
          "index_key": "tbvendasdet",
          "schema_version": 0,
          "attributes": {
            "access": [
              {
                "condition": [],
                "dataset": [],
                "domain": "",
                "group_by_email": "",
                "iam_member": "",
                "role": "OWNER",
                "routine": [],
                "special_group": "",
                "user_by_email": "management-zegordo-sa@lambda-architeture-on-gcp.iam.gserviceaccount.com",
                "view": []
              },
              {
                "condition": [],
                "dataset": [],
                "domain": "",
                "group_by_email": "",
                "iam_member": "",
                "role": "OWNER",
                "routine": [],
                "special_group": "projectOwners",
                "user_by_email": "",
                "view": []
              },
              {
                "condition": [],
                "dataset": [],
                "domain": "",
                "group_by_email": "",
                "iam_member": "",
                "role": "READER",
                "routine": [],
                "special_group": "projectReaders",
                "user_by_email": "",
                "view": []
              },
              {
                "condition": [],
                "dataset": [],
                "domain": "",
                "group_by_email": "",
                "iam_member": "",
                "role": "WRITER",
                "routine": [],
                "special_group": "projectWriters",
                "user_by_email": "",
                "view": []
              }
            ],
            "creation_time": -1244363411,
            "dataset_id": "tbvendasdet",
            "default_collation": "",
            "default_encryption_configuration": [],
            "default_partition_expiration_ms": 0,
            "default_table_expiration_ms": 0,
            "delete_contents_on_destroy": false,
            "description": "",
            "effective_labels": {
              "env": "production",
              "goog-terraform-provisioned": "true",
              "managedby": "terraform"
            },
            "etag": "djFnw2YDD5H1wxLsjKhI8g==",
            "external_dataset_reference": [],
            "friendly_name": "",
            "id": "projects/lambda-architeture-on-gcp/datasets/tbvendasdet",
            "is_case_insensitive": false,
            "labels": {
              "env": "production",
              "managedby": "terraform"
            },
            "last_modified_time": -1244363411,
            "location": "US",
            "max_time_travel_hours": "168",
            "project": "lambda-architeture-on-gcp",
            "resource_tags": {},
            "self_link": "https://bigquery.googleapis.com/bigquery/v2/projects/lambda-architeture-on-gcp/datasets/tbvendasdet",
            "storage_billing_model": "",
            "terraform_labels": {
              "env": "production",
              "goog-terraform-provisioned": "true",
              "managedby": "terraform"
            },
            "timeouts": null
          },
          "sensitive_attributes": [],
          "private": "eyJlMmJmYjczMC1lY2FhLTExZTYtOGY4OC0zNDM2M2JjN2M0YzAiOnsiY3JlYXRlIjoxMjAwMDAwMDAwMDAwLCJkZWxldGUiOjEyMDAwMDAwMDAwMDAsInVwZGF0ZSI6MTIwMDAwMDAwMDAwMH19"
        },
        {
          "index_key": "tbvendaspag",
          "schema_version": 0,
          "attributes": {
            "access": [
              {
                "condition": [],
                "dataset": [],
                "domain": "",
                "group_by_email": "",
                "iam_member": "",
                "role": "OWNER",
                "routine": [],
                "special_group": "",
                "user_by_email": "management-zegordo-sa@lambda-architeture-on-gcp.iam.gserviceaccount.com",
                "view": []
              },
              {
                "condition": [],
                "dataset": [],
                "domain": "",
                "group_by_email": "",
                "iam_member": "",
                "role": "OWNER",
                "routine": [],
                "special_group": "projectOwners",
                "user_by_email": "",
                "view": []
              },
              {
                "condition": [],
                "dataset": [],
                "domain": "",
                "group_by_email": "",
                "iam_member": "",
                "role": "READER",
                "routine": [],
                "special_group": "projectReaders",
                "user_by_email": "",
                "view": []
              },
              {
                "condition": [],
                "dataset": [],
                "domain": "",
                "group_by_email": "",
                "iam_member": "",
                "role": "WRITER",
                "routine": [],
                "special_group": "projectWriters",
                "user_by_email": "",
                "view": []
              }
            ],
            "creation_time": -1244363411,
            "dataset_id": "tbvendaspag",
            "default_collation": "",
            "default_encryption_configuration": [],
            "default_partition_expiration_ms": 0,
            "default_table_expiration_ms": 0,
            "delete_contents_on_destroy": false,
            "description": "",
            "effective_labels": {
              "env": "production",
              "goog-terraform-provisioned": "true",
              "managedby": "terraform"
            },
            "etag": "JmXY5LFzx5sDvHhWNQhXJw==",
            "external_dataset_reference": [],
            "friendly_name": "",
            "id": "projects/lambda-architeture-on-gcp/datasets/tbvendaspag",
            "is_case_insensitive": false,
            "labels": {
              "env": "production",
              "managedby": "terraform"
            },
            "last_modified_time": -1244363411,
            "location": "US",
            "max_time_travel_hours": "168",
            "project": "lambda-architeture-on-gcp",
            "resource_tags": {},
            "self_link": "https://bigquery.googleapis.com/bigquery/v2/projects/lambda-architeture-on-gcp/datasets/tbvendaspag",
            "storage_billing_model": "",
            "terraform_labels": {
              "env": "production",
              "goog-terraform-provisioned": "true",
              "managedby": "terraform"
            },
            "timeouts": null
          },
          "sensitive_attributes": [],
          "private": "eyJlMmJmYjczMC1lY2FhLTExZTYtOGY4OC0zNDM2M2JjN2M0YzAiOnsiY3JlYXRlIjoxMjAwMDAwMDAwMDAwLCJkZWxldGUiOjEyMDAwMDAwMDAwMDAsInVwZGF0ZSI6MTIwMDAwMDAwMDAwMH19"
        }
      ]
    },
    {
      "mode": "managed",
      "type": "google_bigquery_table",
      "name": "raw_tables",
      "provider": "provider[\"registry.terraform.io/hashicorp/google\"]",
      "instances": [
        {
          "index_key": "tbestoquesdet",
          "schema_version": 0,
          "attributes": {
            "biglake_configuration": [],
            "clustering": null,
            "creation_time": -1237126758,
            "dataset_id": "tbestoquesdet",
            "deletion_protection": true,
            "description": "",
            "effective_labels": {
              "goog-terraform-provisioned": "true"
            },
            "encryption_configuration": [],
            "etag": "IiTtft6R5On1bohSwkEhrA==",
            "expiration_time": 0,
            "external_data_configuration": [
              {
                "autodetect": true,
                "avro_options": [],
                "bigtable_options": [],
                "compression": "NONE",
                "connection_id": "",
                "csv_options": [],
                "file_set_spec_type": "",
                "google_sheets_options": [],
                "hive_partitioning_options": [],
                "ignore_unknown_values": false,
                "json_extension": "",
                "json_options": [],
                "max_bad_records": 0,
                "metadata_cache_mode": "",
                "object_metadata": "",
                "parquet_options": [],
                "reference_file_schema_uri": "",
                "schema": "",
                "source_format": "PARQUET",
                "source_uris": [
                  "gs://lambda-architeture-on-gcp-firebird-db/ingestion/tbestoquesdet/*.parquet"
                ]
              }
            ],
            "friendly_name": "",
            "id": "projects/lambda-architeture-on-gcp/datasets/tbestoquesdet/tables/raw-tbestoquesdet",
            "labels": {},
            "last_modified_time": -1237126282,
            "location": "US",
            "materialized_view": [],
            "max_staleness": "",
            "num_bytes": 0,
            "num_long_term_bytes": 0,
            "num_rows": 0,
            "project": "lambda-architeture-on-gcp",
            "range_partitioning": [],
            "require_partition_filter": false,
            "resource_tags": {},
            "schema": "[{\"mode\":\"NULLABLE\",\"name\":\"id\",\"type\":\"INTEGER\"},{\"mode\":\"NULLABLE\",\"name\":\"data\",\"type\":\"DATE\"},{\"mode\":\"NULLABLE\",\"name\":\"hora\",\"type\":\"TIME\"},{\"mode\":\"NULLABLE\",\"name\":\"loja\",\"type\":\"STRING\"},{\"mode\":\"NULLABLE\",\"name\":\"produto\",\"type\":\"STRING\"},{\"mode\":\"NULLABLE\",\"name\":\"entrada\",\"type\":\"NUMERIC\"},{\"mode\":\"NULLABLE\",\"name\":\"saida\",\"type\":\"NUMERIC\"},{\"mode\":\"NULLABLE\",\"name\":\"saldoantes\",\"type\":\"NUMERIC\"},{\"mode\":\"NULLABLE\",\"name\":\"saldo\",\"type\":\"NUMERIC\"},{\"mode\":\"NULLABLE\",\"name\":\"movimento\",\"type\":\"STRING\"},{\"mode\":\"NULLABLE\",\"name\":\"historico\",\"type\":\"STRING\"},{\"mode\":\"NULLABLE\",\"name\":\"estoque\",\"type\":\"NUMERIC\"},{\"mode\":\"NULLABLE\",\"name\":\"datahora\",\"type\":\"INTEGER\"},{\"mode\":\"NULLABLE\",\"name\":\"ecf\",\"type\":\"INTEGER\"},{\"mode\":\"NULLABLE\",\"name\":\"barras\",\"type\":\"STRING\"},{\"mode\":\"NULLABLE\",\"name\":\"descricao\",\"type\":\"STRING\"},{\"mode\":\"NULLABLE\",\"name\":\"md5\",\"type\":\"INTEGER\"}]",
            "self_link": "https://bigquery.googleapis.com/bigquery/v2/projects/lambda-architeture-on-gcp/datasets/tbestoquesdet/tables/raw-tbestoquesdet",
            "table_constraints": [],
            "table_id": "raw-tbestoquesdet",
            "table_metadata_view": null,
            "table_replication_info": [],
            "terraform_labels": {
              "goog-terraform-provisioned": "true"
            },
            "time_partitioning": [],
            "type": "EXTERNAL",
            "view": []
          },
          "sensitive_attributes": [],
          "private": "bnVsbA==",
          "dependencies": [
            "google_bigquery_dataset.creation_bigquery_dataset",
            "google_storage_bucket.create_bucket_ingestion"
          ]
        },
        {
          "index_key": "tbforn",
          "schema_version": 0,
          "attributes": {
            "biglake_configuration": [],
            "clustering": null,
            "creation_time": -1237126784,
            "dataset_id": "tbforn",
            "deletion_protection": true,
            "description": "",
            "effective_labels": {
              "goog-terraform-provisioned": "true"
            },
            "encryption_configuration": [],
            "etag": "L1G/dA3JSBDbAxGegUVpQw==",
            "expiration_time": 0,
            "external_data_configuration": [
              {
                "autodetect": true,
                "avro_options": [],
                "bigtable_options": [],
                "compression": "NONE",
                "connection_id": "",
                "csv_options": [],
                "file_set_spec_type": "",
                "google_sheets_options": [],
                "hive_partitioning_options": [],
                "ignore_unknown_values": false,
                "json_extension": "",
                "json_options": [],
                "max_bad_records": 0,
                "metadata_cache_mode": "",
                "object_metadata": "",
                "parquet_options": [],
                "reference_file_schema_uri": "",
                "schema": "",
                "source_format": "PARQUET",
                "source_uris": [
                  "gs://lambda-architeture-on-gcp-firebird-db/ingestion/tbforn/*.parquet"
                ]
              }
            ],
            "friendly_name": "",
            "id": "projects/lambda-architeture-on-gcp/datasets/tbforn/tables/raw-tbforn",
            "labels": {},
            "last_modified_time": -1237126423,
            "location": "US",
            "materialized_view": [],
            "max_staleness": "",
            "num_bytes": 0,
            "num_long_term_bytes": 0,
            "num_rows": 0,
            "project": "lambda-architeture-on-gcp",
            "range_partitioning": [],
            "require_partition_filter": false,
            "resource_tags": {},
            "schema": "[{\"mode\":\"NULLABLE\",\"name\":\"cod\",\"type\":\"STRING\"},{\"mode\":\"NULLABLE\",\"name\":\"nome\",\"type\":\"STRING\"},{\"mode\":\"NULLABLE\",\"name\":\"endereco\",\"type\":\"STRING\"},{\"mode\":\"NULLABLE\",\"name\":\"complemento\",\"type\":\"STRING\"},{\"mode\":\"NULLABLE\",\"name\":\"bairro\",\"type\":\"STRING\"},{\"mode\":\"NULLABLE\",\"name\":\"uf\",\"type\":\"STRING\"},{\"mode\":\"NULLABLE\",\"name\":\"cidade\",\"type\":\"STRING\"},{\"mode\":\"NULLABLE\",\"name\":\"cep\",\"type\":\"STRING\"},{\"mode\":\"NULLABLE\",\"name\":\"fone\",\"type\":\"STRING\"},{\"mode\":\"NULLABLE\",\"name\":\"cel\",\"type\":\"INTEGER\"},{\"mode\":\"NULLABLE\",\"name\":\"ie\",\"type\":\"STRING\"},{\"mode\":\"NULLABLE\",\"name\":\"cnpj\",\"type\":\"STRING\"},{\"mode\":\"NULLABLE\",\"name\":\"cadastro\",\"type\":\"DATE\"},{\"mode\":\"NULLABLE\",\"name\":\"referencia\",\"type\":\"INTEGER\"},{\"mode\":\"NULLABLE\",\"name\":\"obs\",\"type\":\"INTEGER\"},{\"mode\":\"NULLABLE\",\"name\":\"limite\",\"type\":\"INTEGER\"},{\"mode\":\"NULLABLE\",\"name\":\"fantasia\",\"type\":\"STRING\"},{\"mode\":\"NULLABLE\",\"name\":\"banco\",\"type\":\"INTEGER\"},{\"mode\":\"NULLABLE\",\"name\":\"agencia\",\"type\":\"INTEGER\"},{\"mode\":\"NULLABLE\",\"name\":\"conta\",\"type\":\"INTEGER\"},{\"mode\":\"NULLABLE\",\"name\":\"ativo\",\"type\":\"FLOAT\"},{\"mode\":\"NULLABLE\",\"name\":\"pessoa\",\"type\":\"STRING\"},{\"mode\":\"NULLABLE\",\"name\":\"ultmov\",\"type\":\"INTEGER\"},{\"mode\":\"NULLABLE\",\"name\":\"email\",\"type\":\"STRING\"},{\"mode\":\"NULLABLE\",\"name\":\"contato\",\"type\":\"STRING\"},{\"mode\":\"NULLABLE\",\"name\":\"fonecontato\",\"type\":\"STRING\"},{\"mode\":\"NULLABLE\",\"name\":\"ibgecidade\",\"type\":\"STRING\"},{\"mode\":\"NULLABLE\",\"name\":\"ibgeuf\",\"type\":\"STRING\"},{\"mode\":\"NULLABLE\",\"name\":\"numero\",\"type\":\"INTEGER\"},{\"mode\":\"NULLABLE\",\"name\":\"icms_status\",\"type\":\"INTEGER\"}]",
            "self_link": "https://bigquery.googleapis.com/bigquery/v2/projects/lambda-architeture-on-gcp/datasets/tbforn/tables/raw-tbforn",
            "table_constraints": [],
            "table_id": "raw-tbforn",
            "table_metadata_view": null,
            "table_replication_info": [],
            "terraform_labels": {
              "goog-terraform-provisioned": "true"
            },
            "time_partitioning": [],
            "type": "EXTERNAL",
            "view": []
          },
          "sensitive_attributes": [],
          "private": "bnVsbA==",
          "dependencies": [
            "google_bigquery_dataset.creation_bigquery_dataset",
            "google_storage_bucket.create_bucket_ingestion"
          ]
        },
        {
          "index_key": "tblogpdv",
          "schema_version": 0,
          "attributes": {
            "biglake_configuration": [],
            "clustering": null,
            "creation_time": -1237126767,
            "dataset_id": "tblogpdv",
            "deletion_protection": true,
            "description": "",
            "effective_labels": {
              "goog-terraform-provisioned": "true"
            },
            "encryption_configuration": [],
            "etag": "z0o8dcgxcIS0tlB9SkJdBA==",
            "expiration_time": 0,
            "external_data_configuration": [
              {
                "autodetect": true,
                "avro_options": [],
                "bigtable_options": [],
                "compression": "NONE",
                "connection_id": "",
                "csv_options": [],
                "file_set_spec_type": "",
                "google_sheets_options": [],
                "hive_partitioning_options": [],
                "ignore_unknown_values": false,
                "json_extension": "",
                "json_options": [],
                "max_bad_records": 0,
                "metadata_cache_mode": "",
                "object_metadata": "",
                "parquet_options": [],
                "reference_file_schema_uri": "",
                "schema": "",
                "source_format": "PARQUET",
                "source_uris": [
                  "gs://lambda-architeture-on-gcp-firebird-db/ingestion/tblogpdv/*.parquet"
                ]
              }
            ],
            "friendly_name": "",
            "id": "projects/lambda-architeture-on-gcp/datasets/tblogpdv/tables/raw-tblogpdv",
            "labels": {},
            "last_modified_time": -1237126381,
            "location": "US",
            "materialized_view": [],
            "max_staleness": "",
            "num_bytes": 0,
            "num_long_term_bytes": 0,
            "num_rows": 0,
            "project": "lambda-architeture-on-gcp",
            "range_partitioning": [],
            "require_partition_filter": false,
            "resource_tags": {},
            "schema": "[{\"mode\":\"NULLABLE\",\"name\":\"id\",\"type\":\"INTEGER\"},{\"mode\":\"NULLABLE\",\"name\":\"cod\",\"type\":\"STRING\"},{\"mode\":\"NULLABLE\",\"name\":\"data\",\"type\":\"DATE\"},{\"mode\":\"NULLABLE\",\"name\":\"hora\",\"type\":\"TIME\"},{\"mode\":\"NULLABLE\",\"name\":\"descricao\",\"type\":\"STRING\"},{\"mode\":\"NULLABLE\",\"name\":\"ax1\",\"type\":\"NUMERIC\"},{\"mode\":\"NULLABLE\",\"name\":\"ax2\",\"type\":\"NUMERIC\"},{\"mode\":\"NULLABLE\",\"name\":\"usr\",\"type\":\"STRING\"}]",
            "self_link": "https://bigquery.googleapis.com/bigquery/v2/projects/lambda-architeture-on-gcp/datasets/tblogpdv/tables/raw-tblogpdv",
            "table_constraints": [],
            "table_id": "raw-tblogpdv",
            "table_metadata_view": null,
            "table_replication_info": [],
            "terraform_labels": {
              "goog-terraform-provisioned": "true"
            },
            "time_partitioning": [],
            "type": "EXTERNAL",
            "view": []
          },
          "sensitive_attributes": [],
          "private": "bnVsbA==",
          "dependencies": [
            "google_bigquery_dataset.creation_bigquery_dataset",
            "google_storage_bucket.create_bucket_ingestion"
          ]
        },
        {
          "index_key": "tbmercadorias",
          "schema_version": 0,
          "attributes": {
            "biglake_configuration": [],
            "clustering": null,
            "creation_time": -1237126787,
            "dataset_id": "tbmercadorias",
            "deletion_protection": true,
            "description": "",
            "effective_labels": {
              "goog-terraform-provisioned": "true"
            },
            "encryption_configuration": [],
            "etag": "q4FPy0e7npO1NG8g2ae1Kw==",
            "expiration_time": 0,
            "external_data_configuration": [
              {
                "autodetect": true,
                "avro_options": [],
                "bigtable_options": [],
                "compression": "NONE",
                "connection_id": "",
                "csv_options": [],
                "file_set_spec_type": "",
                "google_sheets_options": [],
                "hive_partitioning_options": [],
                "ignore_unknown_values": false,
                "json_extension": "",
                "json_options": [],
                "max_bad_records": 0,
                "metadata_cache_mode": "",
                "object_metadata": "",
                "parquet_options": [],
                "reference_file_schema_uri": "",
                "schema": "",
                "source_format": "PARQUET",
                "source_uris": [
                  "gs://lambda-architeture-on-gcp-firebird-db/ingestion/tbmercadorias/*.parquet"
                ]
              }
            ],
            "friendly_name": "",
            "id": "projects/lambda-architeture-on-gcp/datasets/tbmercadorias/tables/raw-tbmercadorias",
            "labels": {},
            "last_modified_time": -1237126344,
            "location": "US",
            "materialized_view": [],
            "max_staleness": "",
            "num_bytes": 0,
            "num_long_term_bytes": 0,
            "num_rows": 0,
            "project": "lambda-architeture-on-gcp",
            "range_partitioning": [],
            "require_partition_filter": false,
            "resource_tags": {},
            "schema": "[{\"mode\":\"NULLABLE\",\"name\":\"id\",\"type\":\"INTEGER\"},{\"mode\":\"NULLABLE\",\"name\":\"cod\",\"type\":\"STRING\"},{\"mode\":\"NULLABLE\",\"name\":\"gtim\",\"type\":\"STRING\"},{\"mode\":\"NULLABLE\",\"name\":\"und\",\"type\":\"STRING\"},{\"mode\":\"NULLABLE\",\"name\":\"estoque\",\"type\":\"NUMERIC\"},{\"mode\":\"NULLABLE\",\"name\":\"descricao\",\"type\":\"STRING\"},{\"mode\":\"NULLABLE\",\"name\":\"preco\",\"type\":\"NUMERIC\"},{\"mode\":\"NULLABLE\",\"name\":\"iat\",\"type\":\"STRING\"},{\"mode\":\"NULLABLE\",\"name\":\"st\",\"type\":\"STRING\"},{\"mode\":\"NULLABLE\",\"name\":\"ippt\",\"type\":\"STRING\"},{\"mode\":\"NULLABLE\",\"name\":\"servico\",\"type\":\"STRING\"},{\"mode\":\"NULLABLE\",\"name\":\"alicota\",\"type\":\"NUMERIC\"},{\"mode\":\"NULLABLE\",\"name\":\"ecf\",\"type\":\"INTEGER\"},{\"mode\":\"NULLABLE\",\"name\":\"md5\",\"type\":\"STRING\"}]",
            "self_link": "https://bigquery.googleapis.com/bigquery/v2/projects/lambda-architeture-on-gcp/datasets/tbmercadorias/tables/raw-tbmercadorias",
            "table_constraints": [],
            "table_id": "raw-tbmercadorias",
            "table_metadata_view": null,
            "table_replication_info": [],
            "terraform_labels": {
              "goog-terraform-provisioned": "true"
            },
            "time_partitioning": [],
            "type": "EXTERNAL",
            "view": []
          },
          "sensitive_attributes": [],
          "private": "bnVsbA==",
          "dependencies": [
            "google_bigquery_dataset.creation_bigquery_dataset",
            "google_storage_bucket.create_bucket_ingestion"
          ]
        },
        {
          "index_key": "tbprodutos",
          "schema_version": 0,
          "attributes": {
            "biglake_configuration": [],
            "clustering": null,
            "creation_time": -1237126780,
            "dataset_id": "tbprodutos",
            "deletion_protection": true,
            "description": "",
            "effective_labels": {
              "goog-terraform-provisioned": "true"
            },
            "encryption_configuration": [],
            "etag": "tsMQc/B7dTOxaqKqCxTzNw==",
            "expiration_time": 0,
            "external_data_configuration": [
              {
                "autodetect": true,
                "avro_options": [],
                "bigtable_options": [],
                "compression": "NONE",
                "connection_id": "",
                "csv_options": [],
                "file_set_spec_type": "",
                "google_sheets_options": [],
                "hive_partitioning_options": [],
                "ignore_unknown_values": false,
                "json_extension": "",
                "json_options": [],
                "max_bad_records": 0,
                "metadata_cache_mode": "",
                "object_metadata": "",
                "parquet_options": [],
                "reference_file_schema_uri": "",
                "schema": "",
                "source_format": "PARQUET",
                "source_uris": [
                  "gs://lambda-architeture-on-gcp-firebird-db/ingestion/tbprodutos/*.parquet"
                ]
              }
            ],
            "friendly_name": "",
            "id": "projects/lambda-architeture-on-gcp/datasets/tbprodutos/tables/raw-tbprodutos",
            "labels": {},
            "last_modified_time": -1237126310,
            "location": "US",
            "materialized_view": [],
            "max_staleness": "",
            "num_bytes": 0,
            "num_long_term_bytes": 0,
            "num_rows": 0,
            "project": "lambda-architeture-on-gcp",
            "range_partitioning": [],
            "require_partition_filter": false,
            "resource_tags": {},
            "schema": "[{\"mode\":\"NULLABLE\",\"name\":\"cod\",\"type\":\"STRING\"},{\"mode\":\"NULLABLE\",\"name\":\"barras\",\"type\":\"STRING\"},{\"mode\":\"NULLABLE\",\"name\":\"referencia\",\"type\":\"STRING\"},{\"mode\":\"NULLABLE\",\"name\":\"numfab\",\"type\":\"INTEGER\"},{\"mode\":\"NULLABLE\",\"name\":\"grupo\",\"type\":\"STRING\"},{\"mode\":\"NULLABLE\",\"name\":\"subgrupo\",\"type\":\"INTEGER\"},{\"mode\":\"NULLABLE\",\"name\":\"descricao\",\"type\":\"STRING\"},{\"mode\":\"NULLABLE\",\"name\":\"aplicacao\",\"type\":\"STRING\"},{\"mode\":\"NULLABLE\",\"name\":\"descabrev\",\"type\":\"STRING\"},{\"mode\":\"NULLABLE\",\"name\":\"unidade\",\"type\":\"STRING\"},{\"mode\":\"NULLABLE\",\"name\":\"custo\",\"type\":\"NUMERIC\"},{\"mode\":\"NULLABLE\",\"name\":\"customedio\",\"type\":\"NUMERIC\"},{\"mode\":\"NULLABLE\",\"name\":\"preco\",\"type\":\"NUMERIC\"},{\"mode\":\"NULLABLE\",\"name\":\"estoque\",\"type\":\"NUMERIC\"},{\"mode\":\"NULLABLE\",\"name\":\"estoquemin\",\"type\":\"NUMERIC\"},{\"mode\":\"NULLABLE\",\"name\":\"estoqueideal\",\"type\":\"NUMERIC\"},{\"mode\":\"NULLABLE\",\"name\":\"promocao\",\"type\":\"STRING\"},{\"mode\":\"NULLABLE\",\"name\":\"comissao\",\"type\":\"NUMERIC\"},{\"mode\":\"NULLABLE\",\"name\":\"valiprom\",\"type\":\"INTEGER\"},{\"mode\":\"NULLABLE\",\"name\":\"quantpromo\",\"type\":\"NUMERIC\"},{\"mode\":\"NULLABLE\",\"name\":\"ultforn\",\"type\":\"STRING\"},{\"mode\":\"NULLABLE\",\"name\":\"desconto\",\"type\":\"NUMERIC\"},{\"mode\":\"NULLABLE\",\"name\":\"precopom\",\"type\":\"NUMERIC\"},{\"mode\":\"NULLABLE\",\"name\":\"icms\",\"type\":\"NUMERIC\"},{\"mode\":\"NULLABLE\",\"name\":\"ipi\",\"type\":\"NUMERIC\"},{\"mode\":\"NULLABLE\",\"name\":\"estuso\",\"type\":\"NUMERIC\"},{\"mode\":\"NULLABLE\",\"name\":\"relacao\",\"type\":\"NUMERIC\"},{\"mode\":\"NULLABLE\",\"name\":\"custo_c\",\"type\":\"NUMERIC\"},{\"mode\":\"NULLABLE\",\"name\":\"cuscomedio_c\",\"type\":\"NUMERIC\"},{\"mode\":\"NULLABLE\",\"name\":\"preco_c\",\"type\":\"NUMERIC\"},{\"mode\":\"NULLABLE\",\"name\":\"margem_c\",\"type\":\"NUMERIC\"},{\"mode\":\"NULLABLE\",\"name\":\"unidade_c\",\"type\":\"STRING\"},{\"mode\":\"NULLABLE\",\"name\":\"margem\",\"type\":\"NUMERIC\"},{\"mode\":\"NULLABLE\",\"name\":\"estoquemin_c\",\"type\":\"NUMERIC\"},{\"mode\":\"NULLABLE\",\"name\":\"estoqueideal_c\",\"type\":\"NUMERIC\"},{\"mode\":\"NULLABLE\",\"name\":\"icms_subs\",\"type\":\"NUMERIC\"},{\"mode\":\"NULLABLE\",\"name\":\"sit_tributaria\",\"type\":\"STRING\"},{\"mode\":\"NULLABLE\",\"name\":\"icms_red\",\"type\":\"NUMERIC\"},{\"mode\":\"NULLABLE\",\"name\":\"impostofixo\",\"type\":\"INTEGER\"},{\"mode\":\"NULLABLE\",\"name\":\"pesoliquido\",\"type\":\"INTEGER\"},{\"mode\":\"NULLABLE\",\"name\":\"pesobruto\",\"type\":\"INTEGER\"},{\"mode\":\"NULLABLE\",\"name\":\"usuario\",\"type\":\"STRING\"},{\"mode\":\"NULLABLE\",\"name\":\"composto\",\"type\":\"STRING\"},{\"mode\":\"NULLABLE\",\"name\":\"ipi_cod\",\"type\":\"INTEGER\"},{\"mode\":\"NULLABLE\",\"name\":\"und\",\"type\":\"STRING\"},{\"mode\":\"NULLABLE\",\"name\":\"undc\",\"type\":\"STRING\"},{\"mode\":\"NULLABLE\",\"name\":\"margemreal\",\"type\":\"INTEGER\"},{\"mode\":\"NULLABLE\",\"name\":\"margemreal_c\",\"type\":\"INTEGER\"},{\"mode\":\"NULLABLE\",\"name\":\"ultreajuste\",\"type\":\"INTEGER\"},{\"mode\":\"NULLABLE\",\"name\":\"codestoque\",\"type\":\"INTEGER\"},{\"mode\":\"NULLABLE\",\"name\":\"marca\",\"type\":\"STRING\"},{\"mode\":\"NULLABLE\",\"name\":\"codbalanca\",\"type\":\"INTEGER\"},{\"mode\":\"NULLABLE\",\"name\":\"ult_atlz\",\"type\":\"INTEGER\"},{\"mode\":\"NULLABLE\",\"name\":\"ult_altercao_custo\",\"type\":\"INTEGER\"},{\"mode\":\"NULLABLE\",\"name\":\"ult_reajuste\",\"type\":\"INTEGER\"},{\"mode\":\"NULLABLE\",\"name\":\"curva\",\"type\":\"INTEGER\"},{\"mode\":\"NULLABLE\",\"name\":\"ativo\",\"type\":\"STRING\"},{\"mode\":\"NULLABLE\",\"name\":\"local\",\"type\":\"STRING\"},{\"mode\":\"NULLABLE\",\"name\":\"pesavel\",\"type\":\"STRING\"},{\"mode\":\"NULLABLE\",\"name\":\"custo_nota_vrj\",\"type\":\"NUMERIC\"},{\"mode\":\"NULLABLE\",\"name\":\"custo_nota_atc\",\"type\":\"NUMERIC\"},{\"mode\":\"NULLABLE\",\"name\":\"servico\",\"type\":\"STRING\"},{\"mode\":\"NULLABLE\",\"name\":\"cfop\",\"type\":\"STRING\"},{\"mode\":\"NULLABLE\",\"name\":\"issqn\",\"type\":\"NUMERIC\"},{\"mode\":\"NULLABLE\",\"name\":\"alic_icms_st\",\"type\":\"NUMERIC\"},{\"mode\":\"NULLABLE\",\"name\":\"trunca_arredonda\",\"type\":\"STRING\"},{\"mode\":\"NULLABLE\",\"name\":\"producao\",\"type\":\"STRING\"},{\"mode\":\"NULLABLE\",\"name\":\"pis\",\"type\":\"NUMERIC\"},{\"mode\":\"NULLABLE\",\"name\":\"confins\",\"type\":\"NUMERIC\"},{\"mode\":\"NULLABLE\",\"name\":\"ncm\",\"type\":\"STRING\"},{\"mode\":\"NULLABLE\",\"name\":\"cson\",\"type\":\"STRING\"},{\"mode\":\"NULLABLE\",\"name\":\"tributos\",\"type\":\"NUMERIC\"},{\"mode\":\"NULLABLE\",\"name\":\"matprima\",\"type\":\"STRING\"},{\"mode\":\"NULLABLE\",\"name\":\"itemconsumo\",\"type\":\"STRING\"},{\"mode\":\"NULLABLE\",\"name\":\"imobilizado\",\"type\":\"STRING\"},{\"mode\":\"NULLABLE\",\"name\":\"grade\",\"type\":\"STRING\"},{\"mode\":\"NULLABLE\",\"name\":\"codgrade\",\"type\":\"INTEGER\"},{\"mode\":\"NULLABLE\",\"name\":\"cstpis\",\"type\":\"STRING\"},{\"mode\":\"NULLABLE\",\"name\":\"cstcofins\",\"type\":\"STRING\"},{\"mode\":\"NULLABLE\",\"name\":\"classificacao\",\"type\":\"FLOAT\"},{\"mode\":\"NULLABLE\",\"name\":\"informacoes\",\"type\":\"INTEGER\"},{\"mode\":\"NULLABLE\",\"name\":\"uncompra\",\"type\":\"STRING\"},{\"mode\":\"NULLABLE\",\"name\":\"qembalagem\",\"type\":\"NUMERIC\"},{\"mode\":\"NULLABLE\",\"name\":\"cest\",\"type\":\"STRING\"},{\"mode\":\"NULLABLE\",\"name\":\"tr\",\"type\":\"INTEGER\"},{\"mode\":\"NULLABLE\",\"name\":\"pipidev\",\"type\":\"INTEGER\"}]",
            "self_link": "https://bigquery.googleapis.com/bigquery/v2/projects/lambda-architeture-on-gcp/datasets/tbprodutos/tables/raw-tbprodutos",
            "table_constraints": [],
            "table_id": "raw-tbprodutos",
            "table_metadata_view": null,
            "table_replication_info": [],
            "terraform_labels": {
              "goog-terraform-provisioned": "true"
            },
            "time_partitioning": [],
            "type": "EXTERNAL",
            "view": []
          },
          "sensitive_attributes": [],
          "private": "bnVsbA==",
          "dependencies": [
            "google_bigquery_dataset.creation_bigquery_dataset",
            "google_storage_bucket.create_bucket_ingestion"
          ]
        },
        {
          "index_key": "tbtributacao",
          "schema_version": 0,
          "attributes": {
            "biglake_configuration": [],
            "clustering": null,
            "creation_time": -1237126777,
            "dataset_id": "tbtributacao",
            "deletion_protection": true,
            "description": "",
            "effective_labels": {
              "goog-terraform-provisioned": "true"
            },
            "encryption_configuration": [],
            "etag": "DPeiB1fqvE4keIOKVQLovw==",
            "expiration_time": 0,
            "external_data_configuration": [
              {
                "autodetect": true,
                "avro_options": [],
                "bigtable_options": [],
                "compression": "NONE",
                "connection_id": "",
                "csv_options": [],
                "file_set_spec_type": "",
                "google_sheets_options": [],
                "hive_partitioning_options": [],
                "ignore_unknown_values": false,
                "json_extension": "",
                "json_options": [],
                "max_bad_records": 0,
                "metadata_cache_mode": "",
                "object_metadata": "",
                "parquet_options": [],
                "reference_file_schema_uri": "",
                "schema": "",
                "source_format": "PARQUET",
                "source_uris": [
                  "gs://lambda-architeture-on-gcp-firebird-db/ingestion/tbtributacao/*.parquet"
                ]
              }
            ],
            "friendly_name": "",
            "id": "projects/lambda-architeture-on-gcp/datasets/tbtributacao/tables/raw-tbtributacao",
            "labels": {},
            "last_modified_time": -1237126266,
            "location": "US",
            "materialized_view": [],
            "max_staleness": "",
            "num_bytes": 0,
            "num_long_term_bytes": 0,
            "num_rows": 0,
            "project": "lambda-architeture-on-gcp",
            "range_partitioning": [],
            "require_partition_filter": false,
            "resource_tags": {},
            "schema": "[{\"mode\":\"NULLABLE\",\"name\":\"id\",\"type\":\"INTEGER\"},{\"mode\":\"NULLABLE\",\"name\":\"regime\",\"type\":\"INTEGER\"},{\"mode\":\"NULLABLE\",\"name\":\"cfop_nota_entrada\",\"type\":\"STRING\"},{\"mode\":\"NULLABLE\",\"name\":\"cfop_entrada\",\"type\":\"STRING\"},{\"mode\":\"NULLABLE\",\"name\":\"cfop_venda\",\"type\":\"STRING\"},{\"mode\":\"NULLABLE\",\"name\":\"cfop_devol_fornecedor\",\"type\":\"INTEGER\"},{\"mode\":\"NULLABLE\",\"name\":\"cfop_devol_cliente\",\"type\":\"STRING\"},{\"mode\":\"NULLABLE\",\"name\":\"cst_csosn_venda\",\"type\":\"STRING\"},{\"mode\":\"NULLABLE\",\"name\":\"cst_devol_fornecedor\",\"type\":\"STRING\"},{\"mode\":\"NULLABLE\",\"name\":\"cst_devol_cliente\",\"type\":\"STRING\"},{\"mode\":\"NULLABLE\",\"name\":\"cst_pis\",\"type\":\"INTEGER\"},{\"mode\":\"NULLABLE\",\"name\":\"cst_cofins\",\"type\":\"INTEGER\"},{\"mode\":\"NULLABLE\",\"name\":\"icms_alic\",\"type\":\"INTEGER\"},{\"mode\":\"NULLABLE\",\"name\":\"tipo\",\"type\":\"INTEGER\"}]",
            "self_link": "https://bigquery.googleapis.com/bigquery/v2/projects/lambda-architeture-on-gcp/datasets/tbtributacao/tables/raw-tbtributacao",
            "table_constraints": [],
            "table_id": "raw-tbtributacao",
            "table_metadata_view": null,
            "table_replication_info": [],
            "terraform_labels": {
              "goog-terraform-provisioned": "true"
            },
            "time_partitioning": [],
            "type": "EXTERNAL",
            "view": []
          },
          "sensitive_attributes": [],
          "private": "bnVsbA==",
          "dependencies": [
            "google_bigquery_dataset.creation_bigquery_dataset",
            "google_storage_bucket.create_bucket_ingestion"
          ]
        },
        {
          "index_key": "tbvendas",
          "schema_version": 0,
          "attributes": {
            "biglake_configuration": [],
            "clustering": null,
            "creation_time": -1237126774,
            "dataset_id": "tbvendas",
            "deletion_protection": true,
            "description": "",
            "effective_labels": {
              "goog-terraform-provisioned": "true"
            },
            "encryption_configuration": [],
            "etag": "6uZE5ISnH3hkXrev6C+hAQ==",
            "expiration_time": 0,
            "external_data_configuration": [
              {
                "autodetect": true,
                "avro_options": [],
                "bigtable_options": [],
                "compression": "NONE",
                "connection_id": "",
                "csv_options": [],
                "file_set_spec_type": "",
                "google_sheets_options": [],
                "hive_partitioning_options": [],
                "ignore_unknown_values": false,
                "json_extension": "",
                "json_options": [],
                "max_bad_records": 0,
                "metadata_cache_mode": "",
                "object_metadata": "",
                "parquet_options": [],
                "reference_file_schema_uri": "",
                "schema": "",
                "source_format": "PARQUET",
                "source_uris": [
                  "gs://lambda-architeture-on-gcp-firebird-db/ingestion/tbvendas/*.parquet"
                ]
              }
            ],
            "friendly_name": "",
            "id": "projects/lambda-architeture-on-gcp/datasets/tbvendas/tables/raw-tbvendas",
            "labels": {},
            "last_modified_time": -1237126351,
            "location": "US",
            "materialized_view": [],
            "max_staleness": "",
            "num_bytes": 0,
            "num_long_term_bytes": 0,
            "num_rows": 0,
            "project": "lambda-architeture-on-gcp",
            "range_partitioning": [],
            "require_partition_filter": false,
            "resource_tags": {},
            "schema": "[{\"mode\":\"NULLABLE\",\"name\":\"cod\",\"type\":\"STRING\"},{\"mode\":\"NULLABLE\",\"name\":\"data\",\"type\":\"DATE\"},{\"mode\":\"NULLABLE\",\"name\":\"hora\",\"type\":\"TIME\"},{\"mode\":\"NULLABLE\",\"name\":\"cliente\",\"type\":\"STRING\"},{\"mode\":\"NULLABLE\",\"name\":\"vendedor\",\"type\":\"STRING\"},{\"mode\":\"NULLABLE\",\"name\":\"tipo\",\"type\":\"STRING\"},{\"mode\":\"NULLABLE\",\"name\":\"vencimento\",\"type\":\"INTEGER\"},{\"mode\":\"NULLABLE\",\"name\":\"valorbruto\",\"type\":\"NUMERIC\"},{\"mode\":\"NULLABLE\",\"name\":\"desconto\",\"type\":\"NUMERIC\"},{\"mode\":\"NULLABLE\",\"name\":\"comissao\",\"type\":\"NUMERIC\"},{\"mode\":\"NULLABLE\",\"name\":\"entrada\",\"type\":\"NUMERIC\"},{\"mode\":\"NULLABLE\",\"name\":\"valorliquido\",\"type\":\"NUMERIC\"},{\"mode\":\"NULLABLE\",\"name\":\"cancelada\",\"type\":\"STRING\"},{\"mode\":\"NULLABLE\",\"name\":\"comissaopaga\",\"type\":\"STRING\"},{\"mode\":\"NULLABLE\",\"name\":\"contacorrente\",\"type\":\"STRING\"},{\"mode\":\"NULLABLE\",\"name\":\"vencida\",\"type\":\"STRING\"},{\"mode\":\"NULLABLE\",\"name\":\"cupon\",\"type\":\"STRING\"},{\"mode\":\"NULLABLE\",\"name\":\"caixa\",\"type\":\"STRING\"},{\"mode\":\"NULLABLE\",\"name\":\"nome\",\"type\":\"STRING\"},{\"mode\":\"NULLABLE\",\"name\":\"empresa\",\"type\":\"INTEGER\"},{\"mode\":\"NULLABLE\",\"name\":\"dt\",\"type\":\"STRING\"},{\"mode\":\"NULLABLE\",\"name\":\"servidor\",\"type\":\"STRING\"},{\"mode\":\"NULLABLE\",\"name\":\"dt_cancela\",\"type\":\"DATE\"},{\"mode\":\"NULLABLE\",\"name\":\"hr_cancela\",\"type\":\"TIME\"},{\"mode\":\"NULLABLE\",\"name\":\"dav_num\",\"type\":\"STRING\"},{\"mode\":\"NULLABLE\",\"name\":\"dav_status\",\"type\":\"STRING\"},{\"mode\":\"NULLABLE\",\"name\":\"dav_ecf_modelo\",\"type\":\"STRING\"},{\"mode\":\"NULLABLE\",\"name\":\"dav_ecf_marca\",\"type\":\"STRING\"},{\"mode\":\"NULLABLE\",\"name\":\"dav_ecf_coo\",\"type\":\"STRING\"},{\"mode\":\"NULLABLE\",\"name\":\"dav_tipo\",\"type\":\"STRING\"},{\"mode\":\"NULLABLE\",\"name\":\"doc_tipo\",\"type\":\"STRING\"},{\"mode\":\"NULLABLE\",\"name\":\"dav_impresso\",\"type\":\"STRING\"},{\"mode\":\"NULLABLE\",\"name\":\"doc\",\"type\":\"INTEGER\"},{\"mode\":\"NULLABLE\",\"name\":\"tipopessoa\",\"type\":\"INTEGER\"},{\"mode\":\"NULLABLE\",\"name\":\"num_ccf\",\"type\":\"INTEGER\"},{\"mode\":\"NULLABLE\",\"name\":\"ecf\",\"type\":\"STRING\"},{\"mode\":\"NULLABLE\",\"name\":\"coo\",\"type\":\"STRING\"},{\"mode\":\"NULLABLE\",\"name\":\"ult_atlz\",\"type\":\"INTEGER\"},{\"mode\":\"NULLABLE\",\"name\":\"ult_atlz_loc\",\"type\":\"INTEGER\"},{\"mode\":\"NULLABLE\",\"name\":\"modelo\",\"type\":\"STRING\"},{\"mode\":\"NULLABLE\",\"name\":\"mesclado\",\"type\":\"INTEGER\"},{\"mode\":\"NULLABLE\",\"name\":\"md5\",\"type\":\"STRING\"},{\"mode\":\"NULLABLE\",\"name\":\"md5venda\",\"type\":\"INTEGER\"},{\"mode\":\"NULLABLE\",\"name\":\"ccf\",\"type\":\"STRING\"},{\"mode\":\"NULLABLE\",\"name\":\"ecfcx\",\"type\":\"INTEGER\"},{\"mode\":\"NULLABLE\",\"name\":\"chave_doc\",\"type\":\"STRING\"},{\"mode\":\"NULLABLE\",\"name\":\"xml\",\"type\":\"BYTES\"},{\"mode\":\"NULLABLE\",\"name\":\"xml_path\",\"type\":\"STRING\"},{\"mode\":\"NULLABLE\",\"name\":\"numdoc\",\"type\":\"STRING\"},{\"mode\":\"NULLABLE\",\"name\":\"xml_cancel\",\"type\":\"BYTES\"},{\"mode\":\"NULLABLE\",\"name\":\"xml_c_path\",\"type\":\"STRING\"},{\"mode\":\"NULLABLE\",\"name\":\"contingencia\",\"type\":\"INTEGER\"},{\"mode\":\"NULLABLE\",\"name\":\"chave_cancel\",\"type\":\"STRING\"},{\"mode\":\"NULLABLE\",\"name\":\"fiscal_nome\",\"type\":\"INTEGER\"},{\"mode\":\"NULLABLE\",\"name\":\"fiscal_endereco\",\"type\":\"INTEGER\"},{\"mode\":\"NULLABLE\",\"name\":\"fiscal_cidade_nome\",\"type\":\"INTEGER\"},{\"mode\":\"NULLABLE\",\"name\":\"fiscal_bairro\",\"type\":\"INTEGER\"},{\"mode\":\"NULLABLE\",\"name\":\"fiscal_numero\",\"type\":\"INTEGER\"},{\"mode\":\"NULLABLE\",\"name\":\"fiscal_tipo\",\"type\":\"INTEGER\"},{\"mode\":\"NULLABLE\",\"name\":\"fiscal_doc\",\"type\":\"INTEGER\"},{\"mode\":\"NULLABLE\",\"name\":\"fiscal_cidade_ibge\",\"type\":\"INTEGER\"},{\"mode\":\"NULLABLE\",\"name\":\"fiscal_enviado\",\"type\":\"INTEGER\"},{\"mode\":\"NULLABLE\",\"name\":\"fiscal_destinatario\",\"type\":\"INTEGER\"}]",
            "self_link": "https://bigquery.googleapis.com/bigquery/v2/projects/lambda-architeture-on-gcp/datasets/tbvendas/tables/raw-tbvendas",
            "table_constraints": [],
            "table_id": "raw-tbvendas",
            "table_metadata_view": null,
            "table_replication_info": [],
            "terraform_labels": {
              "goog-terraform-provisioned": "true"
            },
            "time_partitioning": [],
            "type": "EXTERNAL",
            "view": []
          },
          "sensitive_attributes": [],
          "private": "bnVsbA==",
          "dependencies": [
            "google_bigquery_dataset.creation_bigquery_dataset",
            "google_storage_bucket.create_bucket_ingestion"
          ]
        },
        {
          "index_key": "tbvendasbk",
          "schema_version": 0,
          "attributes": {
            "biglake_configuration": [],
            "clustering": null,
            "creation_time": -1237126760,
            "dataset_id": "tbvendasbk",
            "deletion_protection": true,
            "description": "",
            "effective_labels": {
              "goog-terraform-provisioned": "true"
            },
            "encryption_configuration": [],
            "etag": "oyRmsIJ0yx7Z6cR7GHcT/A==",
            "expiration_time": 0,
            "external_data_configuration": [
              {
                "autodetect": true,
                "avro_options": [],
                "bigtable_options": [],
                "compression": "NONE",
                "connection_id": "",
                "csv_options": [],
                "file_set_spec_type": "",
                "google_sheets_options": [],
                "hive_partitioning_options": [],
                "ignore_unknown_values": false,
                "json_extension": "",
                "json_options": [],
                "max_bad_records": 0,
                "metadata_cache_mode": "",
                "object_metadata": "",
                "parquet_options": [],
                "reference_file_schema_uri": "",
                "schema": "",
                "source_format": "PARQUET",
                "source_uris": [
                  "gs://lambda-architeture-on-gcp-firebird-db/ingestion/tbvendasbk/*.parquet"
                ]
              }
            ],
            "friendly_name": "",
            "id": "projects/lambda-architeture-on-gcp/datasets/tbvendasbk/tables/raw-tbvendasbk",
            "labels": {},
            "last_modified_time": -1237126391,
            "location": "US",
            "materialized_view": [],
            "max_staleness": "",
            "num_bytes": 0,
            "num_long_term_bytes": 0,
            "num_rows": 0,
            "project": "lambda-architeture-on-gcp",
            "range_partitioning": [],
            "require_partition_filter": false,
            "resource_tags": {},
            "schema": "[{\"mode\":\"NULLABLE\",\"name\":\"id\",\"type\":\"INTEGER\"},{\"mode\":\"NULLABLE\",\"name\":\"cod\",\"type\":\"INTEGER\"},{\"mode\":\"NULLABLE\",\"name\":\"venda\",\"type\":\"STRING\"},{\"mode\":\"NULLABLE\",\"name\":\"produto\",\"type\":\"STRING\"},{\"mode\":\"NULLABLE\",\"name\":\"data\",\"type\":\"DATE\"},{\"mode\":\"NULLABLE\",\"name\":\"preco\",\"type\":\"NUMERIC\"},{\"mode\":\"NULLABLE\",\"name\":\"liquido\",\"type\":\"NUMERIC\"},{\"mode\":\"NULLABLE\",\"name\":\"quantidade\",\"type\":\"NUMERIC\"},{\"mode\":\"NULLABLE\",\"name\":\"totalbruto\",\"type\":\"NUMERIC\"},{\"mode\":\"NULLABLE\",\"name\":\"desconto\",\"type\":\"NUMERIC\"},{\"mode\":\"NULLABLE\",\"name\":\"total\",\"type\":\"NUMERIC\"},{\"mode\":\"NULLABLE\",\"name\":\"cancelada\",\"type\":\"STRING\"},{\"mode\":\"NULLABLE\",\"name\":\"iten\",\"type\":\"INTEGER\"},{\"mode\":\"NULLABLE\",\"name\":\"alicota\",\"type\":\"NUMERIC\"},{\"mode\":\"NULLABLE\",\"name\":\"calcelado\",\"type\":\"INTEGER\"},{\"mode\":\"NULLABLE\",\"name\":\"situacao\",\"type\":\"INTEGER\"},{\"mode\":\"NULLABLE\",\"name\":\"alic\",\"type\":\"STRING\"},{\"mode\":\"NULLABLE\",\"name\":\"und\",\"type\":\"STRING\"},{\"mode\":\"NULLABLE\",\"name\":\"promocao\",\"type\":\"STRING\"},{\"mode\":\"NULLABLE\",\"name\":\"hora\",\"type\":\"INTEGER\"},{\"mode\":\"NULLABLE\",\"name\":\"empresa\",\"type\":\"INTEGER\"},{\"mode\":\"NULLABLE\",\"name\":\"servidor\",\"type\":\"INTEGER\"},{\"mode\":\"NULLABLE\",\"name\":\"id_venda_abt\",\"type\":\"INTEGER\"},{\"mode\":\"NULLABLE\",\"name\":\"descricao\",\"type\":\"STRING\"},{\"mode\":\"NULLABLE\",\"name\":\"barras\",\"type\":\"STRING\"},{\"mode\":\"NULLABLE\",\"name\":\"codgrade\",\"type\":\"INTEGER\"},{\"mode\":\"NULLABLE\",\"name\":\"cancel\",\"type\":\"STRING\"},{\"mode\":\"NULLABLE\",\"name\":\"custo\",\"type\":\"NUMERIC\"},{\"mode\":\"NULLABLE\",\"name\":\"atacado\",\"type\":\"STRING\"},{\"mode\":\"NULLABLE\",\"name\":\"recuperada\",\"type\":\"STRING\"},{\"mode\":\"NULLABLE\",\"name\":\"cx\",\"type\":\"STRING\"},{\"mode\":\"NULLABLE\",\"name\":\"acrescimo\",\"type\":\"NUMERIC\"}]",
            "self_link": "https://bigquery.googleapis.com/bigquery/v2/projects/lambda-architeture-on-gcp/datasets/tbvendasbk/tables/raw-tbvendasbk",
            "table_constraints": [],
            "table_id": "raw-tbvendasbk",
            "table_metadata_view": null,
            "table_replication_info": [],
            "terraform_labels": {
              "goog-terraform-provisioned": "true"
            },
            "time_partitioning": [],
            "type": "EXTERNAL",
            "view": []
          },
          "sensitive_attributes": [],
          "private": "bnVsbA==",
          "dependencies": [
            "google_bigquery_dataset.creation_bigquery_dataset",
            "google_storage_bucket.create_bucket_ingestion"
          ]
        },
        {
          "index_key": "tbvendasdet",
          "schema_version": 0,
          "attributes": {
            "biglake_configuration": [],
            "clustering": null,
            "creation_time": -1237126765,
            "dataset_id": "tbvendasdet",
            "deletion_protection": true,
            "description": "",
            "effective_labels": {
              "goog-terraform-provisioned": "true"
            },
            "encryption_configuration": [],
            "etag": "DYZWI5dofkvRrLTpRx1qEg==",
            "expiration_time": 0,
            "external_data_configuration": [
              {
                "autodetect": true,
                "avro_options": [],
                "bigtable_options": [],
                "compression": "NONE",
                "connection_id": "",
                "csv_options": [],
                "file_set_spec_type": "",
                "google_sheets_options": [],
                "hive_partitioning_options": [],
                "ignore_unknown_values": false,
                "json_extension": "",
                "json_options": [],
                "max_bad_records": 0,
                "metadata_cache_mode": "",
                "object_metadata": "",
                "parquet_options": [],
                "reference_file_schema_uri": "",
                "schema": "",
                "source_format": "PARQUET",
                "source_uris": [
                  "gs://lambda-architeture-on-gcp-firebird-db/ingestion/tbvendasdet/*.parquet"
                ]
              }
            ],
            "friendly_name": "",
            "id": "projects/lambda-architeture-on-gcp/datasets/tbvendasdet/tables/raw-tbvendasdet",
            "labels": {},
            "last_modified_time": -1237126347,
            "location": "US",
            "materialized_view": [],
            "max_staleness": "",
            "num_bytes": 0,
            "num_long_term_bytes": 0,
            "num_rows": 0,
            "project": "lambda-architeture-on-gcp",
            "range_partitioning": [],
            "require_partition_filter": false,
            "resource_tags": {},
            "schema": "[{\"mode\":\"NULLABLE\",\"name\":\"id\",\"type\":\"INTEGER\"},{\"mode\":\"NULLABLE\",\"name\":\"cod\",\"type\":\"STRING\"},{\"mode\":\"NULLABLE\",\"name\":\"venda\",\"type\":\"STRING\"},{\"mode\":\"NULLABLE\",\"name\":\"produto\",\"type\":\"STRING\"},{\"mode\":\"NULLABLE\",\"name\":\"data\",\"type\":\"DATE\"},{\"mode\":\"NULLABLE\",\"name\":\"preco\",\"type\":\"NUMERIC\"},{\"mode\":\"NULLABLE\",\"name\":\"liquido\",\"type\":\"NUMERIC\"},{\"mode\":\"NULLABLE\",\"name\":\"quantidade\",\"type\":\"NUMERIC\"},{\"mode\":\"NULLABLE\",\"name\":\"totalbruto\",\"type\":\"NUMERIC\"},{\"mode\":\"NULLABLE\",\"name\":\"desconto\",\"type\":\"NUMERIC\"},{\"mode\":\"NULLABLE\",\"name\":\"total\",\"type\":\"NUMERIC\"},{\"mode\":\"NULLABLE\",\"name\":\"cancelada\",\"type\":\"STRING\"},{\"mode\":\"NULLABLE\",\"name\":\"iten\",\"type\":\"INTEGER\"},{\"mode\":\"NULLABLE\",\"name\":\"alicota\",\"type\":\"NUMERIC\"},{\"mode\":\"NULLABLE\",\"name\":\"calcelado\",\"type\":\"INTEGER\"},{\"mode\":\"NULLABLE\",\"name\":\"situacao\",\"type\":\"INTEGER\"},{\"mode\":\"NULLABLE\",\"name\":\"alic\",\"type\":\"STRING\"},{\"mode\":\"NULLABLE\",\"name\":\"und\",\"type\":\"STRING\"},{\"mode\":\"NULLABLE\",\"name\":\"promocao\",\"type\":\"STRING\"},{\"mode\":\"NULLABLE\",\"name\":\"hora\",\"type\":\"TIME\"},{\"mode\":\"NULLABLE\",\"name\":\"empresa\",\"type\":\"INTEGER\"},{\"mode\":\"NULLABLE\",\"name\":\"atacado\",\"type\":\"STRING\"},{\"mode\":\"NULLABLE\",\"name\":\"servidor\",\"type\":\"STRING\"},{\"mode\":\"NULLABLE\",\"name\":\"custo\",\"type\":\"NUMERIC\"},{\"mode\":\"NULLABLE\",\"name\":\"dav_st\",\"type\":\"INTEGER\"},{\"mode\":\"NULLABLE\",\"name\":\"tipo_doc\",\"type\":\"STRING\"},{\"mode\":\"NULLABLE\",\"name\":\"valor_alicota\",\"type\":\"INTEGER\"},{\"mode\":\"NULLABLE\",\"name\":\"dav_cancelado\",\"type\":\"STRING\"},{\"mode\":\"NULLABLE\",\"name\":\"cx\",\"type\":\"INTEGER\"},{\"mode\":\"NULLABLE\",\"name\":\"ult_atlz\",\"type\":\"INTEGER\"},{\"mode\":\"NULLABLE\",\"name\":\"ult_atlz_loc\",\"type\":\"INTEGER\"},{\"mode\":\"NULLABLE\",\"name\":\"mesclado\",\"type\":\"INTEGER\"},{\"mode\":\"NULLABLE\",\"name\":\"md5\",\"type\":\"STRING\"},{\"mode\":\"NULLABLE\",\"name\":\"ecf\",\"type\":\"INTEGER\"},{\"mode\":\"NULLABLE\",\"name\":\"ccf\",\"type\":\"INTEGER\"},{\"mode\":\"NULLABLE\",\"name\":\"md5_vendas\",\"type\":\"INTEGER\"},{\"mode\":\"NULLABLE\",\"name\":\"troca\",\"type\":\"STRING\"},{\"mode\":\"NULLABLE\",\"name\":\"ecfcx\",\"type\":\"INTEGER\"},{\"mode\":\"NULLABLE\",\"name\":\"descrat\",\"type\":\"INTEGER\"},{\"mode\":\"NULLABLE\",\"name\":\"codgrade\",\"type\":\"INTEGER\"},{\"mode\":\"NULLABLE\",\"name\":\"cfop\",\"type\":\"INTEGER\"},{\"mode\":\"NULLABLE\",\"name\":\"acrescimo\",\"type\":\"INTEGER\"}]",
            "self_link": "https://bigquery.googleapis.com/bigquery/v2/projects/lambda-architeture-on-gcp/datasets/tbvendasdet/tables/raw-tbvendasdet",
            "table_constraints": [],
            "table_id": "raw-tbvendasdet",
            "table_metadata_view": null,
            "table_replication_info": [],
            "terraform_labels": {
              "goog-terraform-provisioned": "true"
            },
            "time_partitioning": [],
            "type": "EXTERNAL",
            "view": []
          },
          "sensitive_attributes": [],
          "private": "bnVsbA==",
          "dependencies": [
            "google_bigquery_dataset.creation_bigquery_dataset",
            "google_storage_bucket.create_bucket_ingestion"
          ]
        },
        {
          "index_key": "tbvendaspag",
          "schema_version": 0,
          "attributes": {
            "biglake_configuration": [],
            "clustering": null,
            "creation_time": -1237126784,
            "dataset_id": "tbvendaspag",
            "deletion_protection": true,
            "description": "",
            "effective_labels": {
              "goog-terraform-provisioned": "true"
            },
            "encryption_configuration": [],
            "etag": "Xufr+lZWzHVNuHqYie0dAQ==",
            "expiration_time": 0,
            "external_data_configuration": [
              {
                "autodetect": true,
                "avro_options": [],
                "bigtable_options": [],
                "compression": "NONE",
                "connection_id": "",
                "csv_options": [],
                "file_set_spec_type": "",
                "google_sheets_options": [],
                "hive_partitioning_options": [],
                "ignore_unknown_values": false,
                "json_extension": "",
                "json_options": [],
                "max_bad_records": 0,
                "metadata_cache_mode": "",
                "object_metadata": "",
                "parquet_options": [],
                "reference_file_schema_uri": "",
                "schema": "",
                "source_format": "PARQUET",
                "source_uris": [
                  "gs://lambda-architeture-on-gcp-firebird-db/ingestion/tbvendaspag/*.parquet"
                ]
              }
            ],
            "friendly_name": "",
            "id": "projects/lambda-architeture-on-gcp/datasets/tbvendaspag/tables/raw-tbvendaspag",
            "labels": {},
            "last_modified_time": -1237126374,
            "location": "US",
            "materialized_view": [],
            "max_staleness": "",
            "num_bytes": 0,
            "num_long_term_bytes": 0,
            "num_rows": 0,
            "project": "lambda-architeture-on-gcp",
            "range_partitioning": [],
            "require_partition_filter": false,
            "resource_tags": {},
            "schema": "[{\"mode\":\"NULLABLE\",\"name\":\"id\",\"type\":\"INTEGER\"},{\"mode\":\"NULLABLE\",\"name\":\"cod\",\"type\":\"STRING\"},{\"mode\":\"NULLABLE\",\"name\":\"venda\",\"type\":\"STRING\"},{\"mode\":\"NULLABLE\",\"name\":\"data\",\"type\":\"DATE\"},{\"mode\":\"NULLABLE\",\"name\":\"forma\",\"type\":\"STRING\"},{\"mode\":\"NULLABLE\",\"name\":\"valor\",\"type\":\"NUMERIC\"},{\"mode\":\"NULLABLE\",\"name\":\"empresa\",\"type\":\"INTEGER\"},{\"mode\":\"NULLABLE\",\"name\":\"dt\",\"type\":\"INTEGER\"},{\"mode\":\"NULLABLE\",\"name\":\"cx\",\"type\":\"STRING\"},{\"mode\":\"NULLABLE\",\"name\":\"hora\",\"type\":\"TIME\"},{\"mode\":\"NULLABLE\",\"name\":\"codcaixa\",\"type\":\"STRING\"},{\"mode\":\"NULLABLE\",\"name\":\"cancelada\",\"type\":\"STRING\"},{\"mode\":\"NULLABLE\",\"name\":\"coo\",\"type\":\"FLOAT\"},{\"mode\":\"NULLABLE\",\"name\":\"ccf\",\"type\":\"FLOAT\"},{\"mode\":\"NULLABLE\",\"name\":\"gnf\",\"type\":\"INTEGER\"},{\"mode\":\"NULLABLE\",\"name\":\"ecf\",\"type\":\"FLOAT\"},{\"mode\":\"NULLABLE\",\"name\":\"servidor\",\"type\":\"STRING\"},{\"mode\":\"NULLABLE\",\"name\":\"numfab\",\"type\":\"INTEGER\"},{\"mode\":\"NULLABLE\",\"name\":\"ccd\",\"type\":\"INTEGER\"},{\"mode\":\"NULLABLE\",\"name\":\"md5\",\"type\":\"STRING\"},{\"mode\":\"NULLABLE\",\"name\":\"vendedor\",\"type\":\"STRING\"},{\"mode\":\"NULLABLE\",\"name\":\"comissao\",\"type\":\"NUMERIC\"},{\"mode\":\"NULLABLE\",\"name\":\"sat_idpag\",\"type\":\"INTEGER\"},{\"mode\":\"NULLABLE\",\"name\":\"sat_bin\",\"type\":\"INTEGER\"},{\"mode\":\"NULLABLE\",\"name\":\"sat_autorizacao\",\"type\":\"INTEGER\"},{\"mode\":\"NULLABLE\",\"name\":\"sat_valor\",\"type\":\"INTEGER\"},{\"mode\":\"NULLABLE\",\"name\":\"sat_parcelas\",\"type\":\"INTEGER\"},{\"mode\":\"NULLABLE\",\"name\":\"sat_bandeira\",\"type\":\"INTEGER\"},{\"mode\":\"NULLABLE\",\"name\":\"sat_adquerente\",\"type\":\"INTEGER\"},{\"mode\":\"NULLABLE\",\"name\":\"sat_resp_fiscal\",\"type\":\"INTEGER\"},{\"mode\":\"NULLABLE\",\"name\":\"sat_pag_local\",\"type\":\"INTEGER\"}]",
            "self_link": "https://bigquery.googleapis.com/bigquery/v2/projects/lambda-architeture-on-gcp/datasets/tbvendaspag/tables/raw-tbvendaspag",
            "table_constraints": [],
            "table_id": "raw-tbvendaspag",
            "table_metadata_view": null,
            "table_replication_info": [],
            "terraform_labels": {
              "goog-terraform-provisioned": "true"
            },
            "time_partitioning": [],
            "type": "EXTERNAL",
            "view": []
          },
          "sensitive_attributes": [],
          "private": "bnVsbA==",
          "dependencies": [
            "google_bigquery_dataset.creation_bigquery_dataset",
            "google_storage_bucket.create_bucket_ingestion"
          ]
        }
      ]
    },
    {
      "mode": "managed",
      "type": "google_storage_bucket",
      "name": "create_bucket_ingestion",
      "provider": "provider[\"registry.terraform.io/hashicorp/google\"]",
      "instances": [
        {
          "schema_version": 3,
          "attributes": {
            "autoclass": [],
            "cors": [],
            "custom_placement_config": [],
            "default_event_based_hold": false,
            "effective_labels": {
              "goog-terraform-provisioned": "true"
            },
            "enable_object_retention": false,
            "encryption": [],
            "force_destroy": false,
            "hierarchical_namespace": [
              {
                "enabled": false
              }
            ],
            "id": "lambda-architeture-on-gcp-firebird-db",
            "labels": {},
            "lifecycle_rule": [],
            "location": "US",
            "logging": [],
            "name": "lambda-architeture-on-gcp-firebird-db",
            "project": "lambda-architeture-on-gcp",
            "project_number": 1106937716,
            "public_access_prevention": "inherited",
            "requester_pays": false,
            "retention_policy": [],
            "rpo": "DEFAULT",
            "self_link": "https://www.googleapis.com/storage/v1/b/lambda-architeture-on-gcp-firebird-db",
            "soft_delete_policy": [
              {
                "effective_time": "2025-03-21T00:15:02.361Z",
                "retention_duration_seconds": 604800
              }
            ],
            "storage_class": "STANDARD",
            "terraform_labels": {
              "goog-terraform-provisioned": "true"
            },
            "timeouts": null,
            "uniform_bucket_level_access": false,
            "url": "gs://lambda-architeture-on-gcp-firebird-db",
            "versioning": [],
            "website": []
          },
          "sensitive_attributes": [],
          "private": "eyJlMmJmYjczMC1lY2FhLTExZTYtOGY4OC0zNDM2M2JjN2M0YzAiOnsiY3JlYXRlIjo2MDAwMDAwMDAwMDAsInJlYWQiOjI0MDAwMDAwMDAwMCwidXBkYXRlIjoyNDAwMDAwMDAwMDB9LCJzY2hlbWFfdmVyc2lvbiI6IjMifQ=="
        }
      ]
    },
    {
      "mode": "managed",
      "type": "google_storage_bucket_object",
      "name": "ingestion_folder",
      "provider": "provider[\"registry.terraform.io/hashicorp/google\"]",
      "instances": [
        {
          "schema_version": 0,
          "attributes": {
            "bucket": "lambda-architeture-on-gcp-firebird-db",
            "cache_control": "",
            "content": " ",
            "content_disposition": "",
            "content_encoding": "",
            "content_language": "",
            "content_type": "text/plain; charset=utf-8",
            "crc32c": "csDdjw==",
            "customer_encryption": [],
            "detect_md5hash": "chXunH2dwinSkhpA6JnsXw==",
            "event_based_hold": false,
            "generation": 626698249,
            "id": "lambda-architeture-on-gcp-firebird-db-ingestion/",
            "kms_key_name": "",
            "md5hash": "chXunH2dwinSkhpA6JnsXw==",
            "media_link": "https://storage.googleapis.com/download/storage/v1/b/lambda-architeture-on-gcp-firebird-db/o/ingestion%2F?generation=1742516103325705\u0026alt=media",
            "metadata": {},
            "name": "ingestion/",
            "output_name": "ingestion/",
            "retention": [],
            "self_link": "https://www.googleapis.com/storage/v1/b/lambda-architeture-on-gcp-firebird-db/o/ingestion%2F",
            "source": null,
            "storage_class": "STANDARD",
            "temporary_hold": false,
            "timeouts": null
          },
          "sensitive_attributes": [
            [
              {
                "type": "get_attr",
                "value": "content"
              }
            ]
          ],
          "private": "eyJlMmJmYjczMC1lY2FhLTExZTYtOGY4OC0zNDM2M2JjN2M0YzAiOnsiY3JlYXRlIjoyNDAwMDAwMDAwMDAsImRlbGV0ZSI6MjQwMDAwMDAwMDAwLCJ1cGRhdGUiOjI0MDAwMDAwMDAwMH19",
          "dependencies": [
            "google_storage_bucket.create_bucket_ingestion"
          ]
        }
      ]
    },
    {
      "mode": "managed",
      "type": "google_storage_bucket_object",
      "name": "tables_folder",
      "provider": "provider[\"registry.terraform.io/hashicorp/google\"]",
      "instances": [
        {
          "index_key": "tbentradasdet",
          "schema_version": 0,
          "attributes": {
            "bucket": "lambda-architeture-on-gcp-firebird-db",
            "cache_control": "",
            "content": " ",
            "content_disposition": "",
            "content_encoding": "",
            "content_language": "",
            "content_type": "text/plain; charset=utf-8",
            "crc32c": "csDdjw==",
            "customer_encryption": [],
            "detect_md5hash": "chXunH2dwinSkhpA6JnsXw==",
            "event_based_hold": false,
            "generation": -1743027515,
            "id": "lambda-architeture-on-gcp-firebird-db-ingestion/tbentradasdet/",
            "kms_key_name": "",
            "md5hash": "chXunH2dwinSkhpA6JnsXw==",
            "media_link": "https://storage.googleapis.com/download/storage/v1/b/lambda-architeture-on-gcp-firebird-db/o/ingestion%2Ftbentradasdet%2F?generation=1742664057455301\u0026alt=media",
            "metadata": null,
            "name": "ingestion/tbentradasdet/",
            "output_name": "ingestion/tbentradasdet/",
            "retention": [],
            "self_link": "https://www.googleapis.com/storage/v1/b/lambda-architeture-on-gcp-firebird-db/o/ingestion%2Ftbentradasdet%2F",
            "source": null,
            "storage_class": "STANDARD",
            "temporary_hold": false,
            "timeouts": null
          },
          "sensitive_attributes": [
            [
              {
                "type": "get_attr",
                "value": "content"
              }
            ]
          ],
          "private": "eyJlMmJmYjczMC1lY2FhLTExZTYtOGY4OC0zNDM2M2JjN2M0YzAiOnsiY3JlYXRlIjoyNDAwMDAwMDAwMDAsImRlbGV0ZSI6MjQwMDAwMDAwMDAwLCJ1cGRhdGUiOjI0MDAwMDAwMDAwMH19",
          "dependencies": [
            "google_storage_bucket.create_bucket_ingestion",
            "google_storage_bucket_object.ingestion_folder"
          ]
        },
        {
          "index_key": "tbestoquesdet",
          "schema_version": 0,
          "attributes": {
            "bucket": "lambda-architeture-on-gcp-firebird-db",
            "cache_control": "",
            "content": " ",
            "content_disposition": "",
            "content_encoding": "",
            "content_language": "",
            "content_type": "text/plain; charset=utf-8",
            "crc32c": "csDdjw==",
            "customer_encryption": [],
            "detect_md5hash": "chXunH2dwinSkhpA6JnsXw==",
            "event_based_hold": false,
            "generation": 627201559,
            "id": "lambda-architeture-on-gcp-firebird-db-ingestion/tbestoquesdet/",
            "kms_key_name": "",
            "md5hash": "chXunH2dwinSkhpA6JnsXw==",
            "media_link": "https://storage.googleapis.com/download/storage/v1/b/lambda-architeture-on-gcp-firebird-db/o/ingestion%2Ftbestoquesdet%2F?generation=1742516103829015\u0026alt=media",
            "metadata": {},
            "name": "ingestion/tbestoquesdet/",
            "output_name": "ingestion/tbestoquesdet/",
            "retention": [],
            "self_link": "https://www.googleapis.com/storage/v1/b/lambda-architeture-on-gcp-firebird-db/o/ingestion%2Ftbestoquesdet%2F",
            "source": null,
            "storage_class": "STANDARD",
            "temporary_hold": false,
            "timeouts": null
          },
          "sensitive_attributes": [
            [
              {
                "type": "get_attr",
                "value": "content"
              }
            ]
          ],
          "private": "eyJlMmJmYjczMC1lY2FhLTExZTYtOGY4OC0zNDM2M2JjN2M0YzAiOnsiY3JlYXRlIjoyNDAwMDAwMDAwMDAsImRlbGV0ZSI6MjQwMDAwMDAwMDAwLCJ1cGRhdGUiOjI0MDAwMDAwMDAwMH19",
          "dependencies": [
            "google_storage_bucket.create_bucket_ingestion",
            "google_storage_bucket_object.ingestion_folder"
          ]
        },
        {
          "index_key": "tbforn",
          "schema_version": 0,
          "attributes": {
            "bucket": "lambda-architeture-on-gcp-firebird-db",
            "cache_control": "",
            "content": " ",
            "content_disposition": "",
            "content_encoding": "",
            "content_language": "",
            "content_type": "text/plain; charset=utf-8",
            "crc32c": "csDdjw==",
            "customer_encryption": [],
            "detect_md5hash": "chXunH2dwinSkhpA6JnsXw==",
            "event_based_hold": false,
            "generation": 627213015,
            "id": "lambda-architeture-on-gcp-firebird-db-ingestion/tbforn/",
            "kms_key_name": "",
            "md5hash": "chXunH2dwinSkhpA6JnsXw==",
            "media_link": "https://storage.googleapis.com/download/storage/v1/b/lambda-architeture-on-gcp-firebird-db/o/ingestion%2Ftbforn%2F?generation=1742516103840471\u0026alt=media",
            "metadata": {},
            "name": "ingestion/tbforn/",
            "output_name": "ingestion/tbforn/",
            "retention": [],
            "self_link": "https://www.googleapis.com/storage/v1/b/lambda-architeture-on-gcp-firebird-db/o/ingestion%2Ftbforn%2F",
            "source": null,
            "storage_class": "STANDARD",
            "temporary_hold": false,
            "timeouts": null
          },
          "sensitive_attributes": [
            [
              {
                "type": "get_attr",
                "value": "content"
              }
            ]
          ],
          "private": "eyJlMmJmYjczMC1lY2FhLTExZTYtOGY4OC0zNDM2M2JjN2M0YzAiOnsiY3JlYXRlIjoyNDAwMDAwMDAwMDAsImRlbGV0ZSI6MjQwMDAwMDAwMDAwLCJ1cGRhdGUiOjI0MDAwMDAwMDAwMH19",
          "dependencies": [
            "google_storage_bucket.create_bucket_ingestion",
            "google_storage_bucket_object.ingestion_folder"
          ]
        },
        {
          "index_key": "tblogpdv",
          "schema_version": 0,
          "attributes": {
            "bucket": "lambda-architeture-on-gcp-firebird-db",
            "cache_control": "",
            "content": " ",
            "content_disposition": "",
            "content_encoding": "",
            "content_language": "",
            "content_type": "text/plain; charset=utf-8",
            "crc32c": "csDdjw==",
            "customer_encryption": [],
            "detect_md5hash": "chXunH2dwinSkhpA6JnsXw==",
            "event_based_hold": false,
            "generation": 627206130,
            "id": "lambda-architeture-on-gcp-firebird-db-ingestion/tblogpdv/",
            "kms_key_name": "",
            "md5hash": "chXunH2dwinSkhpA6JnsXw==",
            "media_link": "https://storage.googleapis.com/download/storage/v1/b/lambda-architeture-on-gcp-firebird-db/o/ingestion%2Ftblogpdv%2F?generation=1742516103833586\u0026alt=media",
            "metadata": {},
            "name": "ingestion/tblogpdv/",
            "output_name": "ingestion/tblogpdv/",
            "retention": [],
            "self_link": "https://www.googleapis.com/storage/v1/b/lambda-architeture-on-gcp-firebird-db/o/ingestion%2Ftblogpdv%2F",
            "source": null,
            "storage_class": "STANDARD",
            "temporary_hold": false,
            "timeouts": null
          },
          "sensitive_attributes": [
            [
              {
                "type": "get_attr",
                "value": "content"
              }
            ]
          ],
          "private": "eyJlMmJmYjczMC1lY2FhLTExZTYtOGY4OC0zNDM2M2JjN2M0YzAiOnsiY3JlYXRlIjoyNDAwMDAwMDAwMDAsImRlbGV0ZSI6MjQwMDAwMDAwMDAwLCJ1cGRhdGUiOjI0MDAwMDAwMDAwMH19",
          "dependencies": [
            "google_storage_bucket.create_bucket_ingestion",
            "google_storage_bucket_object.ingestion_folder"
          ]
        },
        {
          "index_key": "tbmercadorias",
          "schema_version": 0,
          "attributes": {
            "bucket": "lambda-architeture-on-gcp-firebird-db",
            "cache_control": "",
            "content": " ",
            "content_disposition": "",
            "content_encoding": "",
            "content_language": "",
            "content_type": "text/plain; charset=utf-8",
            "crc32c": "csDdjw==",
            "customer_encryption": [],
            "detect_md5hash": "chXunH2dwinSkhpA6JnsXw==",
            "event_based_hold": false,
            "generation": 627226142,
            "id": "lambda-architeture-on-gcp-firebird-db-ingestion/tbmercadorias/",
            "kms_key_name": "",
            "md5hash": "chXunH2dwinSkhpA6JnsXw==",
            "media_link": "https://storage.googleapis.com/download/storage/v1/b/lambda-architeture-on-gcp-firebird-db/o/ingestion%2Ftbmercadorias%2F?generation=1742516103853598\u0026alt=media",
            "metadata": {},
            "name": "ingestion/tbmercadorias/",
            "output_name": "ingestion/tbmercadorias/",
            "retention": [],
            "self_link": "https://www.googleapis.com/storage/v1/b/lambda-architeture-on-gcp-firebird-db/o/ingestion%2Ftbmercadorias%2F",
            "source": null,
            "storage_class": "STANDARD",
            "temporary_hold": false,
            "timeouts": null
          },
          "sensitive_attributes": [
            [
              {
                "type": "get_attr",
                "value": "content"
              }
            ]
          ],
          "private": "eyJlMmJmYjczMC1lY2FhLTExZTYtOGY4OC0zNDM2M2JjN2M0YzAiOnsiY3JlYXRlIjoyNDAwMDAwMDAwMDAsImRlbGV0ZSI6MjQwMDAwMDAwMDAwLCJ1cGRhdGUiOjI0MDAwMDAwMDAwMH19",
          "dependencies": [
            "google_storage_bucket.create_bucket_ingestion",
            "google_storage_bucket_object.ingestion_folder"
          ]
        },
        {
          "index_key": "tbprodutos",
          "schema_version": 0,
          "attributes": {
            "bucket": "lambda-architeture-on-gcp-firebird-db",
            "cache_control": "",
            "content": " ",
            "content_disposition": "",
            "content_encoding": "",
            "content_language": "",
            "content_type": "text/plain; charset=utf-8",
            "crc32c": "csDdjw==",
            "customer_encryption": [],
            "detect_md5hash": "chXunH2dwinSkhpA6JnsXw==",
            "event_based_hold": false,
            "generation": 627206807,
            "id": "lambda-architeture-on-gcp-firebird-db-ingestion/tbprodutos/",
            "kms_key_name": "",
            "md5hash": "chXunH2dwinSkhpA6JnsXw==",
            "media_link": "https://storage.googleapis.com/download/storage/v1/b/lambda-architeture-on-gcp-firebird-db/o/ingestion%2Ftbprodutos%2F?generation=1742516103834263\u0026alt=media",
            "metadata": {},
            "name": "ingestion/tbprodutos/",
            "output_name": "ingestion/tbprodutos/",
            "retention": [],
            "self_link": "https://www.googleapis.com/storage/v1/b/lambda-architeture-on-gcp-firebird-db/o/ingestion%2Ftbprodutos%2F",
            "source": null,
            "storage_class": "STANDARD",
            "temporary_hold": false,
            "timeouts": null
          },
          "sensitive_attributes": [
            [
              {
                "type": "get_attr",
                "value": "content"
              }
            ]
          ],
          "private": "eyJlMmJmYjczMC1lY2FhLTExZTYtOGY4OC0zNDM2M2JjN2M0YzAiOnsiY3JlYXRlIjoyNDAwMDAwMDAwMDAsImRlbGV0ZSI6MjQwMDAwMDAwMDAwLCJ1cGRhdGUiOjI0MDAwMDAwMDAwMH19",
          "dependencies": [
            "google_storage_bucket.create_bucket_ingestion",
            "google_storage_bucket_object.ingestion_folder"
          ]
        },
        {
          "index_key": "tbtributacao",
          "schema_version": 0,
          "attributes": {
            "bucket": "lambda-architeture-on-gcp-firebird-db",
            "cache_control": "",
            "content": " ",
            "content_disposition": "",
            "content_encoding": "",
            "content_language": "",
            "content_type": "text/plain; charset=utf-8",
            "crc32c": "csDdjw==",
            "customer_encryption": [],
            "detect_md5hash": "chXunH2dwinSkhpA6JnsXw==",
            "event_based_hold": false,
            "generation": 627221369,
            "id": "lambda-architeture-on-gcp-firebird-db-ingestion/tbtributacao/",
            "kms_key_name": "",
            "md5hash": "chXunH2dwinSkhpA6JnsXw==",
            "media_link": "https://storage.googleapis.com/download/storage/v1/b/lambda-architeture-on-gcp-firebird-db/o/ingestion%2Ftbtributacao%2F?generation=1742516103848825\u0026alt=media",
            "metadata": {},
            "name": "ingestion/tbtributacao/",
            "output_name": "ingestion/tbtributacao/",
            "retention": [],
            "self_link": "https://www.googleapis.com/storage/v1/b/lambda-architeture-on-gcp-firebird-db/o/ingestion%2Ftbtributacao%2F",
            "source": null,
            "storage_class": "STANDARD",
            "temporary_hold": false,
            "timeouts": null
          },
          "sensitive_attributes": [
            [
              {
                "type": "get_attr",
                "value": "content"
              }
            ]
          ],
          "private": "eyJlMmJmYjczMC1lY2FhLTExZTYtOGY4OC0zNDM2M2JjN2M0YzAiOnsiY3JlYXRlIjoyNDAwMDAwMDAwMDAsImRlbGV0ZSI6MjQwMDAwMDAwMDAwLCJ1cGRhdGUiOjI0MDAwMDAwMDAwMH19",
          "dependencies": [
            "google_storage_bucket.create_bucket_ingestion",
            "google_storage_bucket_object.ingestion_folder"
          ]
        },
        {
          "index_key": "tbvendas",
          "schema_version": 0,
          "attributes": {
            "bucket": "lambda-architeture-on-gcp-firebird-db",
            "cache_control": "",
            "content": " ",
            "content_disposition": "",
            "content_encoding": "",
            "content_language": "",
            "content_type": "text/plain; charset=utf-8",
            "crc32c": "csDdjw==",
            "customer_encryption": [],
            "detect_md5hash": "chXunH2dwinSkhpA6JnsXw==",
            "event_based_hold": false,
            "generation": 627210766,
            "id": "lambda-architeture-on-gcp-firebird-db-ingestion/tbvendas/",
            "kms_key_name": "",
            "md5hash": "chXunH2dwinSkhpA6JnsXw==",
            "media_link": "https://storage.googleapis.com/download/storage/v1/b/lambda-architeture-on-gcp-firebird-db/o/ingestion%2Ftbvendas%2F?generation=1742516103838222\u0026alt=media",
            "metadata": {},
            "name": "ingestion/tbvendas/",
            "output_name": "ingestion/tbvendas/",
            "retention": [],
            "self_link": "https://www.googleapis.com/storage/v1/b/lambda-architeture-on-gcp-firebird-db/o/ingestion%2Ftbvendas%2F",
            "source": null,
            "storage_class": "STANDARD",
            "temporary_hold": false,
            "timeouts": null
          },
          "sensitive_attributes": [
            [
              {
                "type": "get_attr",
                "value": "content"
              }
            ]
          ],
          "private": "eyJlMmJmYjczMC1lY2FhLTExZTYtOGY4OC0zNDM2M2JjN2M0YzAiOnsiY3JlYXRlIjoyNDAwMDAwMDAwMDAsImRlbGV0ZSI6MjQwMDAwMDAwMDAwLCJ1cGRhdGUiOjI0MDAwMDAwMDAwMH19",
          "dependencies": [
            "google_storage_bucket.create_bucket_ingestion",
            "google_storage_bucket_object.ingestion_folder"
          ]
        },
        {
          "index_key": "tbvendasbk",
          "schema_version": 0,
          "attributes": {
            "bucket": "lambda-architeture-on-gcp-firebird-db",
            "cache_control": "",
            "content": " ",
            "content_disposition": "",
            "content_encoding": "",
            "content_language": "",
            "content_type": "text/plain; charset=utf-8",
            "crc32c": "csDdjw==",
            "customer_encryption": [],
            "detect_md5hash": "chXunH2dwinSkhpA6JnsXw==",
            "event_based_hold": false,
            "generation": 627361298,
            "id": "lambda-architeture-on-gcp-firebird-db-ingestion/tbvendasbk/",
            "kms_key_name": "",
            "md5hash": "chXunH2dwinSkhpA6JnsXw==",
            "media_link": "https://storage.googleapis.com/download/storage/v1/b/lambda-architeture-on-gcp-firebird-db/o/ingestion%2Ftbvendasbk%2F?generation=1742516103988754\u0026alt=media",
            "metadata": {},
            "name": "ingestion/tbvendasbk/",
            "output_name": "ingestion/tbvendasbk/",
            "retention": [],
            "self_link": "https://www.googleapis.com/storage/v1/b/lambda-architeture-on-gcp-firebird-db/o/ingestion%2Ftbvendasbk%2F",
            "source": null,
            "storage_class": "STANDARD",
            "temporary_hold": false,
            "timeouts": null
          },
          "sensitive_attributes": [
            [
              {
                "type": "get_attr",
                "value": "content"
              }
            ]
          ],
          "private": "eyJlMmJmYjczMC1lY2FhLTExZTYtOGY4OC0zNDM2M2JjN2M0YzAiOnsiY3JlYXRlIjoyNDAwMDAwMDAwMDAsImRlbGV0ZSI6MjQwMDAwMDAwMDAwLCJ1cGRhdGUiOjI0MDAwMDAwMDAwMH19",
          "dependencies": [
            "google_storage_bucket.create_bucket_ingestion",
            "google_storage_bucket_object.ingestion_folder"
          ]
        },
        {
          "index_key": "tbvendasdet",
          "schema_version": 0,
          "attributes": {
            "bucket": "lambda-architeture-on-gcp-firebird-db",
            "cache_control": "",
            "content": " ",
            "content_disposition": "",
            "content_encoding": "",
            "content_language": "",
            "content_type": "text/plain; charset=utf-8",
            "crc32c": "csDdjw==",
            "customer_encryption": [],
            "detect_md5hash": "chXunH2dwinSkhpA6JnsXw==",
            "event_based_hold": false,
            "generation": 627220866,
            "id": "lambda-architeture-on-gcp-firebird-db-ingestion/tbvendasdet/",
            "kms_key_name": "",
            "md5hash": "chXunH2dwinSkhpA6JnsXw==",
            "media_link": "https://storage.googleapis.com/download/storage/v1/b/lambda-architeture-on-gcp-firebird-db/o/ingestion%2Ftbvendasdet%2F?generation=1742516103848322\u0026alt=media",
            "metadata": {},
            "name": "ingestion/tbvendasdet/",
            "output_name": "ingestion/tbvendasdet/",
            "retention": [],
            "self_link": "https://www.googleapis.com/storage/v1/b/lambda-architeture-on-gcp-firebird-db/o/ingestion%2Ftbvendasdet%2F",
            "source": null,
            "storage_class": "STANDARD",
            "temporary_hold": false,
            "timeouts": null
          },
          "sensitive_attributes": [
            [
              {
                "type": "get_attr",
                "value": "content"
              }
            ]
          ],
          "private": "eyJlMmJmYjczMC1lY2FhLTExZTYtOGY4OC0zNDM2M2JjN2M0YzAiOnsiY3JlYXRlIjoyNDAwMDAwMDAwMDAsImRlbGV0ZSI6MjQwMDAwMDAwMDAwLCJ1cGRhdGUiOjI0MDAwMDAwMDAwMH19",
          "dependencies": [
            "google_storage_bucket.create_bucket_ingestion",
            "google_storage_bucket_object.ingestion_folder"
          ]
        },
        {
          "index_key": "tbvendaspag",
          "schema_version": 0,
          "attributes": {
            "bucket": "lambda-architeture-on-gcp-firebird-db",
            "cache_control": "",
            "content": " ",
            "content_disposition": "",
            "content_encoding": "",
            "content_language": "",
            "content_type": "text/plain; charset=utf-8",
            "crc32c": "csDdjw==",
            "customer_encryption": [],
            "detect_md5hash": "chXunH2dwinSkhpA6JnsXw==",
            "event_based_hold": false,
            "generation": 627206078,
            "id": "lambda-architeture-on-gcp-firebird-db-ingestion/tbvendaspag/",
            "kms_key_name": "",
            "md5hash": "chXunH2dwinSkhpA6JnsXw==",
            "media_link": "https://storage.googleapis.com/download/storage/v1/b/lambda-architeture-on-gcp-firebird-db/o/ingestion%2Ftbvendaspag%2F?generation=1742516103833534\u0026alt=media",
            "metadata": {},
            "name": "ingestion/tbvendaspag/",
            "output_name": "ingestion/tbvendaspag/",
            "retention": [],
            "self_link": "https://www.googleapis.com/storage/v1/b/lambda-architeture-on-gcp-firebird-db/o/ingestion%2Ftbvendaspag%2F",
            "source": null,
            "storage_class": "STANDARD",
            "temporary_hold": false,
            "timeouts": null
          },
          "sensitive_attributes": [
            [
              {
                "type": "get_attr",
                "value": "content"
              }
            ]
          ],
          "private": "eyJlMmJmYjczMC1lY2FhLTExZTYtOGY4OC0zNDM2M2JjN2M0YzAiOnsiY3JlYXRlIjoyNDAwMDAwMDAwMDAsImRlbGV0ZSI6MjQwMDAwMDAwMDAwLCJ1cGRhdGUiOjI0MDAwMDAwMDAwMH19",
          "dependencies": [
            "google_storage_bucket.create_bucket_ingestion",
            "google_storage_bucket_object.ingestion_folder"
          ]
        }
      ]
    }
  ],
  "check_results": null
}
